// !$*UTF8*$!
{
	archiveVersion = 1;
	classes = {
	};
	objectVersion = 46;
	objects = {

/* Begin PBXAggregateTarget section */
		781D94696F732FA23CEED009 /* GPC - All */ = {
			isa = PBXAggregateTarget;
			buildConfigurationList = D0705B5CA1AF4D229BAC15DD;
			buildPhases = (
			);
			dependencies = (
				214084DA2A446DE33C0104E9,
				7B9A6CD9CF020A94F7BE9B7D,
				EB49E6963CB923F64D3A431A,
				C3E427BF27EA496911955400,
			);
			name = "GPC - All";
			productName = GPC;
		};
/* End PBXAggregateTarget section */

/* Begin PBXBuildFile section */
		02B4989875A69066AEA58260 /* include_juce_events.mm */ = {isa = PBXBuildFile; fileRef = 473E9D8B3B4AF104CA48B623; };
		0EC6FCD16C80341AEDAAFCE2 /* Foundation.framework */ = {isa = PBXBuildFile; fileRef = 36E302181CE34508B1B018F8; };
		1B4B176182D8C117CA9BC6C9 /* AU */ = {isa = PBXBuildFile; fileRef = 4E144D408687DCB2BBB6842C; };
		1BFE8C410C297685D96DB115 /* PluginEditor.cpp */ = {isa = PBXBuildFile; fileRef = 8532D94D82BE596FBC1DF8DC; };
		223C96E5D6AFBA8B1AE42BC0 /* include_juce_audio_plugin_client_Standalone.cpp */ = {isa = PBXBuildFile; fileRef = A89F51D33E2CDD3378A48940; };
		244F4B515166FDD68F2FDC06 /* Shared Code */ = {isa = PBXBuildFile; fileRef = EF0BD500F51A79C83AD30A7B; };
		2595EF6C886BF1432A79C6FA /* QuartzCore.framework */ = {isa = PBXBuildFile; fileRef = 83A40FAB51306E6F28D9D1D0; };
		2C09F156C4755219D85323C8 /* include_juce_audio_basics.mm */ = {isa = PBXBuildFile; fileRef = F953CBCBBC6543EB6958BA4C; };
		337F7E03A8B824BCBB2D840E /* CoreMIDI.framework */ = {isa = PBXBuildFile; fileRef = 389B4250FB919E67AC01281F; };
		35CEAFE8F6839D861130A7E7 /* CoreAudio.framework */ = {isa = PBXBuildFile; fileRef = 0A81E7204BEF2CFA84BFDCD0; };
		38998DE83C091ADA42D0503B /* DiscRecording.framework */ = {isa = PBXBuildFile; fileRef = B3F5CDFCFF70CB241F2AB284; };
		3F8C21A2DA392678D20AF4E8 /* include_juce_data_structures.mm */ = {isa = PBXBuildFile; fileRef = C862D3FC03E29FAD2FBA5BFF; };
		46484ED36530C59F38D793DB /* Carbon.framework */ = {isa = PBXBuildFile; fileRef = BC5A13E30ABAA68F78EE8962; };
		4A3F39AFA40CFDFC32D5A41B /* include_juce_audio_processors.mm */ = {isa = PBXBuildFile; fileRef = 14B42E91529C21C422F066A7; };
		51DA004EFEE1A124E1685EF3 /* GPC_Voice.cpp */ = {isa = PBXBuildFile; fileRef = A67A682EAD961143EB907CEF; };
		56E4906617F2B6C19DD4BBBD /* include_juce_core.mm */ = {isa = PBXBuildFile; fileRef = 4311601ABC03C7E226BFB309; };
		59394AD06708E23CF6928E8E /* Cocoa.framework */ = {isa = PBXBuildFile; fileRef = E700EF15ECA316E02094A77F; };
		638F2010755D37EBE01A0106 /* VST3 */ = {isa = PBXBuildFile; fileRef = DBB0A1BD25762E25B4BAFE38; };
		69D1D43C3020B06FC5CCFE9F /* GPC_Synth.cpp */ = {isa = PBXBuildFile; fileRef = 8349F45528FEE168B1F33011; };
		6E77D9ED5C009131E193DAE7 /* include_juce_audio_devices.mm */ = {isa = PBXBuildFile; fileRef = 1C2E080DF49B1FB7DCA869C1; };
		7A0A6844E7DE350EB7767833 /* Accelerate.framework */ = {isa = PBXBuildFile; fileRef = 6B80154FC97D7A1CACAA20F9; };
		7A3C3FF5078F3C1EB30B0443 /* include_juce_audio_plugin_client_AU_1.mm */ = {isa = PBXBuildFile; fileRef = A8D3FED0C4F27A2A06146516; };
		7F4DB58C32B01598514A9208 /* WebKit.framework */ = {isa = PBXBuildFile; fileRef = BFC16215128B1FEF9633998B; };
		846C43E2E68C648D8199D934 /* PluginProcessor.cpp */ = {isa = PBXBuildFile; fileRef = 499D165856B1DD7B8C0F95BE; };
		855BA4F1DC5C74FD5A905581 /* include_juce_gui_basics.mm */ = {isa = PBXBuildFile; fileRef = BC57970325BAE3209C4BA477; };
		8C1D9A12CF5BFF0738C2EF90 /* AudioToolbox.framework */ = {isa = PBXBuildFile; fileRef = 0E986DA606801F671355D732; };
		9EF0A0157D4D889DE1EEB773 /* include_juce_dsp.mm */ = {isa = PBXBuildFile; fileRef = 1405BA9BDC85518497E22C47; };
		AEF5EB75586E56902D818F5B /* GPC_Osc.cpp */ = {isa = PBXBuildFile; fileRef = 8FEE1980DA6E059172135FB8; };
		B5330AB1EFACC70BEB5B0DB5 /* include_juce_audio_plugin_client_VST3.cpp */ = {isa = PBXBuildFile; fileRef = AAB8BE74FBF1DCA6B7BC3A49; };
		C49520434DDF03B35BB51E26 /* include_juce_graphics.mm */ = {isa = PBXBuildFile; fileRef = EDF96F211E39119CE45A1C83; };
		C7D3F80C270FCFA9B39DB1E8 /* WaveTable.cpp */ = {isa = PBXBuildFile; fileRef = C65BBB6ECD6055A105B9376D; };
		CC27E4996642E0A8CC628048 /* include_juce_audio_formats.mm */ = {isa = PBXBuildFile; fileRef = B1177EA093DDF5DCF85F1C95; };
		CFF894EECA45961866D112ED /* include_juce_audio_utils.mm */ = {isa = PBXBuildFile; fileRef = 98026F17F0541107E3E0631C; };
		D10782875CE5EF586854C617 /* WaveVector.cpp */ = {isa = PBXBuildFile; fileRef = A07841C8ECD7587243A137E5; };
		D4CB26ECBB23229463DCB513 /* Standalone Plugin */ = {isa = PBXBuildFile; fileRef = 3E66A351E83A1C41EA39B55B; };
		D802241FE129FEA722550748 /* AudioUnit.framework */ = {isa = PBXBuildFile; fileRef = B342A0E424CDF84C0D2EF82A; };
		E349B6F7A72C5DA41FB2DA2E /* CoreAudioKit.framework */ = {isa = PBXBuildFile; fileRef = EDC68F69F9C5C0906D890FAF; };
		E53487122241E92CD0F4F09E /* include_juce_audio_plugin_client_AU_2.mm */ = {isa = PBXBuildFile; fileRef = 9747933D26564903A0BEB6C9; };
		E8F2DF5835B2512788867FF5 /* IOKit.framework */ = {isa = PBXBuildFile; fileRef = 56CA304150A98B0779B73459; };
		EDFE444C602B23C683420F9B /* include_juce_audio_plugin_client_VST_utils.mm */ = {isa = PBXBuildFile; fileRef = BEB4D92EF57BEF1CDE2203C8; };
		F6B6B402A74B77497627A4CC /* include_juce_audio_plugin_client_utils.cpp */ = {isa = PBXBuildFile; fileRef = C18BF2B62DD546D375AD91E4; };
		FDA6C744496F9400140054CF /* include_juce_gui_extra.mm */ = {isa = PBXBuildFile; fileRef = D96ECF8FF16904DB610FD047; };
		FE2AEB0B96D55D86FBB3DFCC /* RecentFilesMenuTemplate.nib */ = {isa = PBXBuildFile; fileRef = AE5BE88800706DF67853E7CD; };
		FFE7FF7A604131BF10DA9D85 /* include_juce_audio_plugin_client_AU.r */ = {isa = PBXBuildFile; fileRef = F9B817A04A876D8525145A48; };
/* End PBXBuildFile section */

/* Begin PBXFileReference section */
		0A81E7204BEF2CFA84BFDCD0 /* CoreAudio.framework */ /* CoreAudio.framework */ = {isa = PBXFileReference; lastKnownFileType = wrapper.framework; name = CoreAudio.framework; path = System/Library/Frameworks/CoreAudio.framework; sourceTree = SDKROOT; };
		0E986DA606801F671355D732 /* AudioToolbox.framework */ /* AudioToolbox.framework */ = {isa = PBXFileReference; lastKnownFileType = wrapper.framework; name = AudioToolbox.framework; path = System/Library/Frameworks/AudioToolbox.framework; sourceTree = SDKROOT; };
		0FBED19C8FAEC13ABC215F2D /* juce_audio_basics */ /* juce_audio_basics */ = {isa = PBXFileReference; lastKnownFileType = folder; name = juce_audio_basics; path = /Users/ryandevens/JUCE_PROJECTS/JUCE/modules/juce_audio_basics; sourceTree = "<absolute>"; };
		1192802A31137AAE98185A5C /* juce_graphics */ /* juce_graphics */ = {isa = PBXFileReference; lastKnownFileType = folder; name = juce_graphics; path = /Users/ryandevens/JUCE_PROJECTS/JUCE/modules/juce_graphics; sourceTree = "<absolute>"; };
		12A13F43520A2CF7E9DBDA0E /* GPC_Synth.h */ /* GPC_Synth.h */ = {isa = PBXFileReference; lastKnownFileType = sourcecode.c.h; name = GPC_Synth.h; path = ../../Source/GPC_Synth.h; sourceTree = SOURCE_ROOT; };
		1405BA9BDC85518497E22C47 /* include_juce_dsp.mm */ /* include_juce_dsp.mm */ = {isa = PBXFileReference; lastKnownFileType = sourcecode.cpp.objcpp; name = include_juce_dsp.mm; path = ../../JuceLibraryCode/include_juce_dsp.mm; sourceTree = SOURCE_ROOT; };
		14B42E91529C21C422F066A7 /* include_juce_audio_processors.mm */ /* include_juce_audio_processors.mm */ = {isa = PBXFileReference; lastKnownFileType = sourcecode.cpp.objcpp; name = include_juce_audio_processors.mm; path = ../../JuceLibraryCode/include_juce_audio_processors.mm; sourceTree = SOURCE_ROOT; };
		1C2E080DF49B1FB7DCA869C1 /* include_juce_audio_devices.mm */ /* include_juce_audio_devices.mm */ = {isa = PBXFileReference; lastKnownFileType = sourcecode.cpp.objcpp; name = include_juce_audio_devices.mm; path = ../../JuceLibraryCode/include_juce_audio_devices.mm; sourceTree = SOURCE_ROOT; };
		2F2558C6384EF0EDE15C59C8 /* juce_audio_utils */ /* juce_audio_utils */ = {isa = PBXFileReference; lastKnownFileType = folder; name = juce_audio_utils; path = /Users/ryandevens/JUCE_PROJECTS/JUCE/modules/juce_audio_utils; sourceTree = "<absolute>"; };
		3185699098A79AB1075CB822 /* PluginProcessor.h */ /* PluginProcessor.h */ = {isa = PBXFileReference; lastKnownFileType = sourcecode.c.h; name = PluginProcessor.h; path = ../../Source/PluginProcessor.h; sourceTree = SOURCE_ROOT; };
		32775BCF47409871C3353CB0 /* JuceHeader.h */ /* JuceHeader.h */ = {isa = PBXFileReference; lastKnownFileType = sourcecode.c.h; name = JuceHeader.h; path = ../../JuceLibraryCode/JuceHeader.h; sourceTree = SOURCE_ROOT; };
		36E302181CE34508B1B018F8 /* Foundation.framework */ /* Foundation.framework */ = {isa = PBXFileReference; lastKnownFileType = wrapper.framework; name = Foundation.framework; path = System/Library/Frameworks/Foundation.framework; sourceTree = SDKROOT; };
		389B4250FB919E67AC01281F /* CoreMIDI.framework */ /* CoreMIDI.framework */ = {isa = PBXFileReference; lastKnownFileType = wrapper.framework; name = CoreMIDI.framework; path = System/Library/Frameworks/CoreMIDI.framework; sourceTree = SDKROOT; };
		390EE350C6E2AF24A4309E83 /* juce_gui_extra */ /* juce_gui_extra */ = {isa = PBXFileReference; lastKnownFileType = folder; name = juce_gui_extra; path = /Users/ryandevens/JUCE_PROJECTS/JUCE/modules/juce_gui_extra; sourceTree = "<absolute>"; };
		3E66A351E83A1C41EA39B55B /* Standalone Plugin */ = {isa = PBXFileReference; explicitFileType = wrapper.application; includeInIndex = 0; path = GPC.app; sourceTree = BUILT_PRODUCTS_DIR; };
		3F9F6AFAE56E5AAF2E81BAB2 /* juce_events */ /* juce_events */ = {isa = PBXFileReference; lastKnownFileType = folder; name = juce_events; path = /Users/ryandevens/JUCE_PROJECTS/JUCE/modules/juce_events; sourceTree = "<absolute>"; };
		4311601ABC03C7E226BFB309 /* include_juce_core.mm */ /* include_juce_core.mm */ = {isa = PBXFileReference; lastKnownFileType = sourcecode.cpp.objcpp; name = include_juce_core.mm; path = ../../JuceLibraryCode/include_juce_core.mm; sourceTree = SOURCE_ROOT; };
		443AFDC2844CD3C38AFF290E /* juce_audio_plugin_client */ /* juce_audio_plugin_client */ = {isa = PBXFileReference; lastKnownFileType = folder; name = juce_audio_plugin_client; path = /Users/ryandevens/JUCE_PROJECTS/JUCE/modules/juce_audio_plugin_client; sourceTree = "<absolute>"; };
		473E9D8B3B4AF104CA48B623 /* include_juce_events.mm */ /* include_juce_events.mm */ = {isa = PBXFileReference; lastKnownFileType = sourcecode.cpp.objcpp; name = include_juce_events.mm; path = ../../JuceLibraryCode/include_juce_events.mm; sourceTree = SOURCE_ROOT; };
		499D165856B1DD7B8C0F95BE /* PluginProcessor.cpp */ /* PluginProcessor.cpp */ = {isa = PBXFileReference; lastKnownFileType = sourcecode.cpp.cpp; name = PluginProcessor.cpp; path = ../../Source/PluginProcessor.cpp; sourceTree = SOURCE_ROOT; };
		4E144D408687DCB2BBB6842C /* AU */ = {isa = PBXFileReference; explicitFileType = wrapper.cfbundle; includeInIndex = 0; path = GPC.component; sourceTree = BUILT_PRODUCTS_DIR; };
		56CA304150A98B0779B73459 /* IOKit.framework */ /* IOKit.framework */ = {isa = PBXFileReference; lastKnownFileType = wrapper.framework; name = IOKit.framework; path = System/Library/Frameworks/IOKit.framework; sourceTree = SDKROOT; };
		5D4661611EB80415CE771EF6 /* juce_core */ /* juce_core */ = {isa = PBXFileReference; lastKnownFileType = folder; name = juce_core; path = /Users/ryandevens/JUCE_PROJECTS/JUCE/modules/juce_core; sourceTree = "<absolute>"; };
		614DE77AEB1C5B465342730D /* juce_audio_processors */ /* juce_audio_processors */ = {isa = PBXFileReference; lastKnownFileType = folder; name = juce_audio_processors; path = /Users/ryandevens/JUCE_PROJECTS/JUCE/modules/juce_audio_processors; sourceTree = "<absolute>"; };
		644DC3E211A7400DD28A39AF /* GPC_Voice.h */ /* GPC_Voice.h */ = {isa = PBXFileReference; lastKnownFileType = sourcecode.c.h; name = GPC_Voice.h; path = ../../Source/GPC_Voice.h; sourceTree = SOURCE_ROOT; };
		6AC082E1AF09CC8DB7E29431 /* WaveVector.h */ /* WaveVector.h */ = {isa = PBXFileReference; lastKnownFileType = sourcecode.c.h; name = WaveVector.h; path = ../../Source/WaveVector.h; sourceTree = SOURCE_ROOT; };
		6B80154FC97D7A1CACAA20F9 /* Accelerate.framework */ /* Accelerate.framework */ = {isa = PBXFileReference; lastKnownFileType = wrapper.framework; name = Accelerate.framework; path = System/Library/Frameworks/Accelerate.framework; sourceTree = SDKROOT; };
		775A99A04224DBADD73EC581 /* WaveTable.h */ /* WaveTable.h */ = {isa = PBXFileReference; lastKnownFileType = sourcecode.c.h; name = WaveTable.h; path = ../../Source/WaveTable.h; sourceTree = SOURCE_ROOT; };
		7AE597C3AFC9669622201B56 /* juce_data_structures */ /* juce_data_structures */ = {isa = PBXFileReference; lastKnownFileType = folder; name = juce_data_structures; path = /Users/ryandevens/JUCE_PROJECTS/JUCE/modules/juce_data_structures; sourceTree = "<absolute>"; };
		8349F45528FEE168B1F33011 /* GPC_Synth.cpp */ /* GPC_Synth.cpp */ = {isa = PBXFileReference; lastKnownFileType = sourcecode.cpp.cpp; name = GPC_Synth.cpp; path = ../../Source/GPC_Synth.cpp; sourceTree = SOURCE_ROOT; };
		83A40FAB51306E6F28D9D1D0 /* QuartzCore.framework */ /* QuartzCore.framework */ = {isa = PBXFileReference; lastKnownFileType = wrapper.framework; name = QuartzCore.framework; path = System/Library/Frameworks/QuartzCore.framework; sourceTree = SDKROOT; };
		840B0F8A2885D018E168F662 /* PluginEditor.h */ /* PluginEditor.h */ = {isa = PBXFileReference; lastKnownFileType = sourcecode.c.h; name = PluginEditor.h; path = ../../Source/PluginEditor.h; sourceTree = SOURCE_ROOT; };
		8532D94D82BE596FBC1DF8DC /* PluginEditor.cpp */ /* PluginEditor.cpp */ = {isa = PBXFileReference; lastKnownFileType = sourcecode.cpp.cpp; name = PluginEditor.cpp; path = ../../Source/PluginEditor.cpp; sourceTree = SOURCE_ROOT; };
		87F3297DF0B0B8B50BE1C3B1 /* Info-Standalone_Plugin.plist */ /* Info-Standalone_Plugin.plist */ = {isa = PBXFileReference; lastKnownFileType = text.plist.xml; name = "Info-Standalone_Plugin.plist"; path = "Info-Standalone_Plugin.plist"; sourceTree = SOURCE_ROOT; };
		8FEE1980DA6E059172135FB8 /* GPC_Osc.cpp */ /* GPC_Osc.cpp */ = {isa = PBXFileReference; lastKnownFileType = sourcecode.cpp.cpp; name = GPC_Osc.cpp; path = ../../Source/GPC_Osc.cpp; sourceTree = SOURCE_ROOT; };
		9747933D26564903A0BEB6C9 /* include_juce_audio_plugin_client_AU_2.mm */ /* include_juce_audio_plugin_client_AU_2.mm */ = {isa = PBXFileReference; lastKnownFileType = sourcecode.cpp.objcpp; name = include_juce_audio_plugin_client_AU_2.mm; path = ../../JuceLibraryCode/include_juce_audio_plugin_client_AU_2.mm; sourceTree = SOURCE_ROOT; };
		98026F17F0541107E3E0631C /* include_juce_audio_utils.mm */ /* include_juce_audio_utils.mm */ = {isa = PBXFileReference; lastKnownFileType = sourcecode.cpp.objcpp; name = include_juce_audio_utils.mm; path = ../../JuceLibraryCode/include_juce_audio_utils.mm; sourceTree = SOURCE_ROOT; };
		A07841C8ECD7587243A137E5 /* WaveVector.cpp */ /* WaveVector.cpp */ = {isa = PBXFileReference; lastKnownFileType = sourcecode.cpp.cpp; name = WaveVector.cpp; path = ../../Source/WaveVector.cpp; sourceTree = SOURCE_ROOT; };
		A1064B17FFA8E9C5B5A16619 /* Info-AU.plist */ /* Info-AU.plist */ = {isa = PBXFileReference; lastKnownFileType = text.plist.xml; name = "Info-AU.plist"; path = "Info-AU.plist"; sourceTree = SOURCE_ROOT; };
		A67A682EAD961143EB907CEF /* GPC_Voice.cpp */ /* GPC_Voice.cpp */ = {isa = PBXFileReference; lastKnownFileType = sourcecode.cpp.cpp; name = GPC_Voice.cpp; path = ../../Source/GPC_Voice.cpp; sourceTree = SOURCE_ROOT; };
		A89F51D33E2CDD3378A48940 /* include_juce_audio_plugin_client_Standalone.cpp */ /* include_juce_audio_plugin_client_Standalone.cpp */ = {isa = PBXFileReference; lastKnownFileType = sourcecode.cpp.cpp; name = include_juce_audio_plugin_client_Standalone.cpp; path = ../../JuceLibraryCode/include_juce_audio_plugin_client_Standalone.cpp; sourceTree = SOURCE_ROOT; };
		A8D3FED0C4F27A2A06146516 /* include_juce_audio_plugin_client_AU_1.mm */ /* include_juce_audio_plugin_client_AU_1.mm */ = {isa = PBXFileReference; lastKnownFileType = sourcecode.cpp.objcpp; name = include_juce_audio_plugin_client_AU_1.mm; path = ../../JuceLibraryCode/include_juce_audio_plugin_client_AU_1.mm; sourceTree = SOURCE_ROOT; };
		AAB8BE74FBF1DCA6B7BC3A49 /* include_juce_audio_plugin_client_VST3.cpp */ /* include_juce_audio_plugin_client_VST3.cpp */ = {isa = PBXFileReference; lastKnownFileType = sourcecode.cpp.cpp; name = include_juce_audio_plugin_client_VST3.cpp; path = ../../JuceLibraryCode/include_juce_audio_plugin_client_VST3.cpp; sourceTree = SOURCE_ROOT; };
		AE5BE88800706DF67853E7CD /* RecentFilesMenuTemplate.nib */ /* RecentFilesMenuTemplate.nib */ = {isa = PBXFileReference; lastKnownFileType = file.nib; name = RecentFilesMenuTemplate.nib; path = RecentFilesMenuTemplate.nib; sourceTree = SOURCE_ROOT; };
		AE87DC7E53A7CC39E50E2D92 /* juce_audio_formats */ /* juce_audio_formats */ = {isa = PBXFileReference; lastKnownFileType = folder; name = juce_audio_formats; path = /Users/ryandevens/JUCE_PROJECTS/JUCE/modules/juce_audio_formats; sourceTree = "<absolute>"; };
		B1177EA093DDF5DCF85F1C95 /* include_juce_audio_formats.mm */ /* include_juce_audio_formats.mm */ = {isa = PBXFileReference; lastKnownFileType = sourcecode.cpp.objcpp; name = include_juce_audio_formats.mm; path = ../../JuceLibraryCode/include_juce_audio_formats.mm; sourceTree = SOURCE_ROOT; };
		B342A0E424CDF84C0D2EF82A /* AudioUnit.framework */ /* AudioUnit.framework */ = {isa = PBXFileReference; lastKnownFileType = wrapper.framework; name = AudioUnit.framework; path = System/Library/Frameworks/AudioUnit.framework; sourceTree = SDKROOT; };
		B3F5CDFCFF70CB241F2AB284 /* DiscRecording.framework */ /* DiscRecording.framework */ = {isa = PBXFileReference; lastKnownFileType = wrapper.framework; name = DiscRecording.framework; path = System/Library/Frameworks/DiscRecording.framework; sourceTree = SDKROOT; };
		B9D310554CD42A137BDFD80C /* GPC_Osc.h */ /* GPC_Osc.h */ = {isa = PBXFileReference; lastKnownFileType = sourcecode.c.h; name = GPC_Osc.h; path = ../../Source/GPC_Osc.h; sourceTree = SOURCE_ROOT; };
		BB0845C3F705517C3C5603F0 /* juce_gui_basics */ /* juce_gui_basics */ = {isa = PBXFileReference; lastKnownFileType = folder; name = juce_gui_basics; path = /Users/ryandevens/JUCE_PROJECTS/JUCE/modules/juce_gui_basics; sourceTree = "<absolute>"; };
		BC57970325BAE3209C4BA477 /* include_juce_gui_basics.mm */ /* include_juce_gui_basics.mm */ = {isa = PBXFileReference; lastKnownFileType = sourcecode.cpp.objcpp; name = include_juce_gui_basics.mm; path = ../../JuceLibraryCode/include_juce_gui_basics.mm; sourceTree = SOURCE_ROOT; };
		BC5A13E30ABAA68F78EE8962 /* Carbon.framework */ /* Carbon.framework */ = {isa = PBXFileReference; lastKnownFileType = wrapper.framework; name = Carbon.framework; path = System/Library/Frameworks/Carbon.framework; sourceTree = SDKROOT; };
		BEB4D92EF57BEF1CDE2203C8 /* include_juce_audio_plugin_client_VST_utils.mm */ /* include_juce_audio_plugin_client_VST_utils.mm */ = {isa = PBXFileReference; lastKnownFileType = sourcecode.cpp.objcpp; name = include_juce_audio_plugin_client_VST_utils.mm; path = ../../JuceLibraryCode/include_juce_audio_plugin_client_VST_utils.mm; sourceTree = SOURCE_ROOT; };
		BFC16215128B1FEF9633998B /* WebKit.framework */ /* WebKit.framework */ = {isa = PBXFileReference; lastKnownFileType = wrapper.framework; name = WebKit.framework; path = System/Library/Frameworks/WebKit.framework; sourceTree = SDKROOT; };
		C18BF2B62DD546D375AD91E4 /* include_juce_audio_plugin_client_utils.cpp */ /* include_juce_audio_plugin_client_utils.cpp */ = {isa = PBXFileReference; lastKnownFileType = sourcecode.cpp.cpp; name = include_juce_audio_plugin_client_utils.cpp; path = ../../JuceLibraryCode/include_juce_audio_plugin_client_utils.cpp; sourceTree = SOURCE_ROOT; };
		C508139E62C7724E1A12EEF0 /* GPC_Constants.h */ /* GPC_Constants.h */ = {isa = PBXFileReference; lastKnownFileType = sourcecode.c.h; name = GPC_Constants.h; path = ../../Source/GPC_Constants.h; sourceTree = SOURCE_ROOT; };
		C5E45CDC75453BAC05683DB5 /* JucePluginDefines.h */ /* JucePluginDefines.h */ = {isa = PBXFileReference; lastKnownFileType = sourcecode.c.h; name = JucePluginDefines.h; path = ../../JuceLibraryCode/JucePluginDefines.h; sourceTree = SOURCE_ROOT; };
		C65BBB6ECD6055A105B9376D /* WaveTable.cpp */ /* WaveTable.cpp */ = {isa = PBXFileReference; lastKnownFileType = sourcecode.cpp.cpp; name = WaveTable.cpp; path = ../../Source/WaveTable.cpp; sourceTree = SOURCE_ROOT; };
		C862D3FC03E29FAD2FBA5BFF /* include_juce_data_structures.mm */ /* include_juce_data_structures.mm */ = {isa = PBXFileReference; lastKnownFileType = sourcecode.cpp.objcpp; name = include_juce_data_structures.mm; path = ../../JuceLibraryCode/include_juce_data_structures.mm; sourceTree = SOURCE_ROOT; };
		D96ECF8FF16904DB610FD047 /* include_juce_gui_extra.mm */ /* include_juce_gui_extra.mm */ = {isa = PBXFileReference; lastKnownFileType = sourcecode.cpp.objcpp; name = include_juce_gui_extra.mm; path = ../../JuceLibraryCode/include_juce_gui_extra.mm; sourceTree = SOURCE_ROOT; };
		DBB0A1BD25762E25B4BAFE38 /* VST3 */ = {isa = PBXFileReference; explicitFileType = wrapper.cfbundle; includeInIndex = 0; path = GPC.vst3; sourceTree = BUILT_PRODUCTS_DIR; };
		DD3C58B84AAEB82DBA1E10D7 /* GPC_Sound.h */ /* GPC_Sound.h */ = {isa = PBXFileReference; lastKnownFileType = sourcecode.c.h; name = GPC_Sound.h; path = ../../Source/GPC_Sound.h; sourceTree = SOURCE_ROOT; };
		E700EF15ECA316E02094A77F /* Cocoa.framework */ /* Cocoa.framework */ = {isa = PBXFileReference; lastKnownFileType = wrapper.framework; name = Cocoa.framework; path = System/Library/Frameworks/Cocoa.framework; sourceTree = SDKROOT; };
		EB45B02BD46FB2D6AADF60C1 /* juce_dsp */ /* juce_dsp */ = {isa = PBXFileReference; lastKnownFileType = folder; name = juce_dsp; path = /Users/ryandevens/JUCE_PROJECTS/JUCE/modules/juce_dsp; sourceTree = "<absolute>"; };
		EDC68F69F9C5C0906D890FAF /* CoreAudioKit.framework */ /* CoreAudioKit.framework */ = {isa = PBXFileReference; lastKnownFileType = wrapper.framework; name = CoreAudioKit.framework; path = System/Library/Frameworks/CoreAudioKit.framework; sourceTree = SDKROOT; };
		EDF96F211E39119CE45A1C83 /* include_juce_graphics.mm */ /* include_juce_graphics.mm */ = {isa = PBXFileReference; lastKnownFileType = sourcecode.cpp.objcpp; name = include_juce_graphics.mm; path = ../../JuceLibraryCode/include_juce_graphics.mm; sourceTree = SOURCE_ROOT; };
		EF0BD500F51A79C83AD30A7B /* Shared Code */ = {isa = PBXFileReference; explicitFileType = archive.ar; includeInIndex = 0; path = libGPC.a; sourceTree = BUILT_PRODUCTS_DIR; };
		F00BCA50EBD437277902BE00 /* Info-VST3.plist */ /* Info-VST3.plist */ = {isa = PBXFileReference; lastKnownFileType = text.plist.xml; name = "Info-VST3.plist"; path = "Info-VST3.plist"; sourceTree = SOURCE_ROOT; };
		F953CBCBBC6543EB6958BA4C /* include_juce_audio_basics.mm */ /* include_juce_audio_basics.mm */ = {isa = PBXFileReference; lastKnownFileType = sourcecode.cpp.objcpp; name = include_juce_audio_basics.mm; path = ../../JuceLibraryCode/include_juce_audio_basics.mm; sourceTree = SOURCE_ROOT; };
		F9B817A04A876D8525145A48 /* include_juce_audio_plugin_client_AU.r */ /* include_juce_audio_plugin_client_AU.r */ = {isa = PBXFileReference; lastKnownFileType = file.r; name = include_juce_audio_plugin_client_AU.r; path = ../../JuceLibraryCode/include_juce_audio_plugin_client_AU.r; sourceTree = SOURCE_ROOT; };
		FF11C344E74AB8C5E5FFF91C /* juce_audio_devices */ /* juce_audio_devices */ = {isa = PBXFileReference; lastKnownFileType = folder; name = juce_audio_devices; path = /Users/ryandevens/JUCE_PROJECTS/JUCE/modules/juce_audio_devices; sourceTree = "<absolute>"; };
/* End PBXFileReference section */

/* Begin PBXFrameworksBuildPhase section */
		142E16CD231B8F380ECC73A3 = {
			isa = PBXFrameworksBuildPhase;
			buildActionMask = 2147483647;
			files = (
				D802241FE129FEA722550748,
				7A0A6844E7DE350EB7767833,
				8C1D9A12CF5BFF0738C2EF90,
				46484ED36530C59F38D793DB,
				59394AD06708E23CF6928E8E,
				35CEAFE8F6839D861130A7E7,
				E349B6F7A72C5DA41FB2DA2E,
				337F7E03A8B824BCBB2D840E,
				38998DE83C091ADA42D0503B,
				0EC6FCD16C80341AEDAAFCE2,
				E8F2DF5835B2512788867FF5,
				2595EF6C886BF1432A79C6FA,
				7F4DB58C32B01598514A9208,
			);
			runOnlyForDeploymentPostprocessing = 0;
		};
		747399F51CA8C7C24C756E40 = {
			isa = PBXFrameworksBuildPhase;
			buildActionMask = 2147483647;
			files = (
				7A0A6844E7DE350EB7767833,
				8C1D9A12CF5BFF0738C2EF90,
				46484ED36530C59F38D793DB,
				59394AD06708E23CF6928E8E,
				35CEAFE8F6839D861130A7E7,
				E349B6F7A72C5DA41FB2DA2E,
				337F7E03A8B824BCBB2D840E,
				38998DE83C091ADA42D0503B,
				0EC6FCD16C80341AEDAAFCE2,
				E8F2DF5835B2512788867FF5,
				2595EF6C886BF1432A79C6FA,
				7F4DB58C32B01598514A9208,
			);
			runOnlyForDeploymentPostprocessing = 0;
		};
		E0C3E91155095FE552F60E51 = {
			isa = PBXFrameworksBuildPhase;
			buildActionMask = 2147483647;
			files = (
				7A0A6844E7DE350EB7767833,
				8C1D9A12CF5BFF0738C2EF90,
				46484ED36530C59F38D793DB,
				59394AD06708E23CF6928E8E,
				35CEAFE8F6839D861130A7E7,
				E349B6F7A72C5DA41FB2DA2E,
				337F7E03A8B824BCBB2D840E,
				38998DE83C091ADA42D0503B,
				0EC6FCD16C80341AEDAAFCE2,
				E8F2DF5835B2512788867FF5,
				2595EF6C886BF1432A79C6FA,
				7F4DB58C32B01598514A9208,
			);
			runOnlyForDeploymentPostprocessing = 0;
		};
/* End PBXFrameworksBuildPhase section */

/* Begin PBXGroup section */
		0BFEBFB6A0BCAA3DEFE408C5 /* Editor/Components */ = {
			isa = PBXGroup;
			children = (
				8532D94D82BE596FBC1DF8DC,
				840B0F8A2885D018E168F662,
			);
			name = Editor/Components;
			sourceTree = "<group>";
		};
		14E484F020000F9955F61ECC /* Resources */ = {
			isa = PBXGroup;
			children = (
				F00BCA50EBD437277902BE00,
				A1064B17FFA8E9C5B5A16619,
				87F3297DF0B0B8B50BE1C3B1,
				AE5BE88800706DF67853E7CD,
			);
			name = Resources;
			sourceTree = "<group>";
		};
		155B88A8507F66B031E93CDB /* JUCE Modules */ = {
			isa = PBXGroup;
			children = (
				0FBED19C8FAEC13ABC215F2D,
				FF11C344E74AB8C5E5FFF91C,
				AE87DC7E53A7CC39E50E2D92,
				443AFDC2844CD3C38AFF290E,
				614DE77AEB1C5B465342730D,
				2F2558C6384EF0EDE15C59C8,
				5D4661611EB80415CE771EF6,
				7AE597C3AFC9669622201B56,
				EB45B02BD46FB2D6AADF60C1,
				3F9F6AFAE56E5AAF2E81BAB2,
				1192802A31137AAE98185A5C,
				BB0845C3F705517C3C5603F0,
				390EE350C6E2AF24A4309E83,
			);
			name = "JUCE Modules";
			sourceTree = "<group>";
		};
		1E177776C5C6540715AE8CBE /* Source */ = {
			isa = PBXGroup;
			children = (
				C508139E62C7724E1A12EEF0,
				8BC6F9ED967578AA567CB73A,
				9A47C1B19923BB0B222A0A3E,
				D3DDFB08BB32EA8ACFC8E242,
				0BFEBFB6A0BCAA3DEFE408C5,
			);
			name = Source;
			sourceTree = "<group>";
		};
		572A4511FEC8BAF76355F6DD /* GPC */ = {
			isa = PBXGroup;
			children = (
				1E177776C5C6540715AE8CBE,
			);
			name = GPC;
			sourceTree = "<group>";
		};
		733D67A234E7FE79B6DADD0E /* JUCE Library Code */ = {
			isa = PBXGroup;
			children = (
				F953CBCBBC6543EB6958BA4C,
				1C2E080DF49B1FB7DCA869C1,
				B1177EA093DDF5DCF85F1C95,
				F9B817A04A876D8525145A48,
				A8D3FED0C4F27A2A06146516,
				9747933D26564903A0BEB6C9,
				A89F51D33E2CDD3378A48940,
				C18BF2B62DD546D375AD91E4,
				BEB4D92EF57BEF1CDE2203C8,
				AAB8BE74FBF1DCA6B7BC3A49,
				14B42E91529C21C422F066A7,
				98026F17F0541107E3E0631C,
				4311601ABC03C7E226BFB309,
				C862D3FC03E29FAD2FBA5BFF,
				1405BA9BDC85518497E22C47,
				473E9D8B3B4AF104CA48B623,
				EDF96F211E39119CE45A1C83,
				BC57970325BAE3209C4BA477,
				D96ECF8FF16904DB610FD047,
				32775BCF47409871C3353CB0,
				C5E45CDC75453BAC05683DB5,
			);
			name = "JUCE Library Code";
			sourceTree = "<group>";
		};
		7CB0E61DC4EE1CD2ADDF34FE /* Products */ = {
			isa = PBXGroup;
			children = (
				DBB0A1BD25762E25B4BAFE38,
				4E144D408687DCB2BBB6842C,
				3E66A351E83A1C41EA39B55B,
				EF0BD500F51A79C83AD30A7B,
			);
			name = Products;
			sourceTree = "<group>";
		};
		8BC6F9ED967578AA567CB73A /* WaveTable */ = {
			isa = PBXGroup;
			children = (
				C65BBB6ECD6055A105B9376D,
				775A99A04224DBADD73EC581,
				A07841C8ECD7587243A137E5,
				6AC082E1AF09CC8DB7E29431,
			);
			name = WaveTable;
			sourceTree = "<group>";
		};
		8F39BBB03BCB50E429563005 /* Source */ = {
			isa = PBXGroup;
			children = (
				572A4511FEC8BAF76355F6DD,
				155B88A8507F66B031E93CDB,
				733D67A234E7FE79B6DADD0E,
				14E484F020000F9955F61ECC,
				A837C98E2D74DD82018554C1,
				7CB0E61DC4EE1CD2ADDF34FE,
			);
			name = Source;
			sourceTree = "<group>";
		};
		9A47C1B19923BB0B222A0A3E /* Synth */ = {
			isa = PBXGroup;
			children = (
				8FEE1980DA6E059172135FB8,
				B9D310554CD42A137BDFD80C,
				DD3C58B84AAEB82DBA1E10D7,
				8349F45528FEE168B1F33011,
				12A13F43520A2CF7E9DBDA0E,
				A67A682EAD961143EB907CEF,
				644DC3E211A7400DD28A39AF,
			);
			name = Synth;
			sourceTree = "<group>";
		};
		A837C98E2D74DD82018554C1 /* Frameworks */ = {
			isa = PBXGroup;
			children = (
				B342A0E424CDF84C0D2EF82A,
				6B80154FC97D7A1CACAA20F9,
				0E986DA606801F671355D732,
				BC5A13E30ABAA68F78EE8962,
				E700EF15ECA316E02094A77F,
				0A81E7204BEF2CFA84BFDCD0,
				EDC68F69F9C5C0906D890FAF,
				389B4250FB919E67AC01281F,
				B3F5CDFCFF70CB241F2AB284,
				36E302181CE34508B1B018F8,
				56CA304150A98B0779B73459,
				83A40FAB51306E6F28D9D1D0,
				BFC16215128B1FEF9633998B,
			);
			name = Frameworks;
			sourceTree = "<group>";
		};
		D3DDFB08BB32EA8ACFC8E242 /* Processor */ = {
			isa = PBXGroup;
			children = (
				499D165856B1DD7B8C0F95BE,
				3185699098A79AB1075CB822,
			);
			name = Processor;
			sourceTree = "<group>";
		};
/* End PBXGroup section */

/* Begin PBXNativeTarget section */
		0BD66E92B8DC5466E2C75DDA /* GPC - AU */ = {
			isa = PBXNativeTarget;
			buildConfigurationList = 0D854C78D03F4EC84A4C9EA9;
			buildPhases = (
				70B3692F36548886C3C23FD7,
				3A65712FF4043E62DFDE2618,
				A6B000CD79FCFBB7DDFDE434,
				142E16CD231B8F380ECC73A3,
			);
			buildRules = (
			);
			dependencies = (
				B4F9CFEBADE9419FFE29C935,
			);
			name = "GPC - AU";
			productName = GPC;
			productReference = 4E144D408687DCB2BBB6842C;
			productType = "com.apple.product-type.bundle";
		};
		4C0954E6E7B7B8C4393F4569 /* GPC - VST3 */ = {
			isa = PBXNativeTarget;
			buildConfigurationList = DAACAB87D8B1CF6CD1039129;
			buildPhases = (
				CE629D5400F41EF99C9D242F,
				8014673885D9E717C7589758,
				747399F51CA8C7C24C756E40,
			);
			buildRules = (
			);
			dependencies = (
				812F0DBC7D63AA5BBC36988E,
			);
			name = "GPC - VST3";
			productName = GPC;
			productReference = DBB0A1BD25762E25B4BAFE38;
			productType = "com.apple.product-type.bundle";
		};
		5FC7C4232A18DCF4CD3AF303 /* GPC - Shared Code */ = {
			isa = PBXNativeTarget;
			buildConfigurationList = C74445E36E52037A4737C45B;
			buildPhases = (
				612AC457B5A537EDB39B81AC,
			);
			buildRules = (
			);
			dependencies = (
			);
			name = "GPC - Shared Code";
			productName = GPC;
			productReference = EF0BD500F51A79C83AD30A7B;
			productType = "com.apple.product-type.library.static";
		};
		97FCA89556D475C8BDB8648F /* GPC - Standalone Plugin */ = {
			isa = PBXNativeTarget;
			buildConfigurationList = 0E63C4C35331F190F390156E;
			buildPhases = (
				597B4D78AE9346A10FF70522,
				9862083617FCD051EC101224,
				E0C3E91155095FE552F60E51,
			);
			buildRules = (
			);
			dependencies = (
				72B5425DD494703ED6FD5020,
			);
			name = "GPC - Standalone Plugin";
			productName = GPC;
			productReference = 3E66A351E83A1C41EA39B55B;
			productType = "com.apple.product-type.application";
		};
/* End PBXNativeTarget section */

/* Begin PBXProject section */
		A4444906B49D2D6EF906A86F = {
			isa = PBXProject;
			attributes = {
				LastUpgradeCheck = 1320;
				ORGANIZATIONNAME = "";
				TargetAttributes = {
					0BD66E92B8DC5466E2C75DDA = {
						SystemCapabilities = {
							com.apple.ApplicationGroups.iOS = {
								enabled = 0;
							};
							com.apple.HardenedRuntime = {
								enabled = 0;
							};
							com.apple.InAppPurchase = {
								enabled = 0;
							};
							com.apple.InterAppAudio = {
								enabled = 0;
							};
							com.apple.Push = {
								enabled = 0;
							};
							com.apple.Sandbox = {
								enabled = 0;
							};
						};
					};
					4C0954E6E7B7B8C4393F4569 = {
						SystemCapabilities = {
							com.apple.ApplicationGroups.iOS = {
								enabled = 0;
							};
							com.apple.HardenedRuntime = {
								enabled = 0;
							};
							com.apple.InAppPurchase = {
								enabled = 0;
							};
							com.apple.InterAppAudio = {
								enabled = 0;
							};
							com.apple.Push = {
								enabled = 0;
							};
							com.apple.Sandbox = {
								enabled = 0;
							};
						};
					};
					5FC7C4232A18DCF4CD3AF303 = {
						SystemCapabilities = {
							com.apple.ApplicationGroups.iOS = {
								enabled = 0;
							};
							com.apple.HardenedRuntime = {
								enabled = 0;
							};
							com.apple.InAppPurchase = {
								enabled = 0;
							};
							com.apple.InterAppAudio = {
								enabled = 0;
							};
							com.apple.Push = {
								enabled = 0;
							};
							com.apple.Sandbox = {
								enabled = 0;
							};
						};
					};
					781D94696F732FA23CEED009 = {
						SystemCapabilities = {
							com.apple.ApplicationGroups.iOS = {
								enabled = 0;
							};
							com.apple.HardenedRuntime = {
								enabled = 0;
							};
							com.apple.InAppPurchase = {
								enabled = 0;
							};
							com.apple.InterAppAudio = {
								enabled = 0;
							};
							com.apple.Push = {
								enabled = 0;
							};
							com.apple.Sandbox = {
								enabled = 0;
							};
						};
					};
					97FCA89556D475C8BDB8648F = {
						SystemCapabilities = {
							com.apple.ApplicationGroups.iOS = {
								enabled = 0;
							};
							com.apple.HardenedRuntime = {
								enabled = 0;
							};
							com.apple.InAppPurchase = {
								enabled = 0;
							};
							com.apple.InterAppAudio = {
								enabled = 0;
							};
							com.apple.Push = {
								enabled = 0;
							};
							com.apple.Sandbox = {
								enabled = 0;
							};
						};
					};
				};
			};
			buildConfigurationList = 357C9DDC84EC50EEE817DA8A;
			compatibilityVersion = "Xcode 3.2";
			hasScannedForEncodings = 0;
			knownRegions = (
				en,
				Base,
			);
			mainGroup = 8F39BBB03BCB50E429563005;
			projectDirPath = "";
			projectRoot = "";
			targets = (
				781D94696F732FA23CEED009,
				4C0954E6E7B7B8C4393F4569,
				0BD66E92B8DC5466E2C75DDA,
				97FCA89556D475C8BDB8648F,
				5FC7C4232A18DCF4CD3AF303,
			);
		};
/* End PBXProject section */

/* Begin PBXResourcesBuildPhase section */
		597B4D78AE9346A10FF70522 = {
			isa = PBXResourcesBuildPhase;
			buildActionMask = 2147483647;
			files = (
				FE2AEB0B96D55D86FBB3DFCC,
			);
			runOnlyForDeploymentPostprocessing = 0;
		};
		70B3692F36548886C3C23FD7 = {
			isa = PBXResourcesBuildPhase;
			buildActionMask = 2147483647;
			files = (
				FE2AEB0B96D55D86FBB3DFCC,
			);
			runOnlyForDeploymentPostprocessing = 0;
		};
		CE629D5400F41EF99C9D242F = {
			isa = PBXResourcesBuildPhase;
			buildActionMask = 2147483647;
			files = (
				FE2AEB0B96D55D86FBB3DFCC,
			);
			runOnlyForDeploymentPostprocessing = 0;
		};
/* End PBXResourcesBuildPhase section */

/* Begin PBXRezBuildPhase section */
		3A65712FF4043E62DFDE2618 = {
			isa = PBXRezBuildPhase;
			buildActionMask = 2147483647;
			files = (
				FFE7FF7A604131BF10DA9D85,
			);
			runOnlyForDeploymentPostprocessing = 0;
		};
/* End PBXRezBuildPhase section */

/* Begin PBXSourcesBuildPhase section */
		612AC457B5A537EDB39B81AC = {
			isa = PBXSourcesBuildPhase;
			buildActionMask = 2147483647;
			files = (
				C7D3F80C270FCFA9B39DB1E8,
				D10782875CE5EF586854C617,
				AEF5EB75586E56902D818F5B,
				69D1D43C3020B06FC5CCFE9F,
				51DA004EFEE1A124E1685EF3,
				846C43E2E68C648D8199D934,
				1BFE8C410C297685D96DB115,
				2C09F156C4755219D85323C8,
				6E77D9ED5C009131E193DAE7,
				CC27E4996642E0A8CC628048,
				F6B6B402A74B77497627A4CC,
				EDFE444C602B23C683420F9B,
				4A3F39AFA40CFDFC32D5A41B,
				CFF894EECA45961866D112ED,
				56E4906617F2B6C19DD4BBBD,
				3F8C21A2DA392678D20AF4E8,
				9EF0A0157D4D889DE1EEB773,
				02B4989875A69066AEA58260,
				C49520434DDF03B35BB51E26,
				855BA4F1DC5C74FD5A905581,
				FDA6C744496F9400140054CF,
			);
			runOnlyForDeploymentPostprocessing = 0;
		};
		8014673885D9E717C7589758 = {
			isa = PBXSourcesBuildPhase;
			buildActionMask = 2147483647;
			files = (
				B5330AB1EFACC70BEB5B0DB5,
			);
			runOnlyForDeploymentPostprocessing = 0;
		};
		9862083617FCD051EC101224 = {
			isa = PBXSourcesBuildPhase;
			buildActionMask = 2147483647;
			files = (
				223C96E5D6AFBA8B1AE42BC0,
			);
			runOnlyForDeploymentPostprocessing = 0;
		};
		A6B000CD79FCFBB7DDFDE434 = {
			isa = PBXSourcesBuildPhase;
			buildActionMask = 2147483647;
			files = (
				7A3C3FF5078F3C1EB30B0443,
				E53487122241E92CD0F4F09E,
			);
			runOnlyForDeploymentPostprocessing = 0;
		};
/* End PBXSourcesBuildPhase section */

/* Begin PBXTargetDependency section */
		214084DA2A446DE33C0104E9 = {
			isa = PBXTargetDependency;
			target = 4C0954E6E7B7B8C4393F4569;
		};
		72B5425DD494703ED6FD5020 = {
			isa = PBXTargetDependency;
			target = 5FC7C4232A18DCF4CD3AF303;
		};
		7B9A6CD9CF020A94F7BE9B7D = {
			isa = PBXTargetDependency;
			target = 0BD66E92B8DC5466E2C75DDA;
		};
		812F0DBC7D63AA5BBC36988E = {
			isa = PBXTargetDependency;
			target = 5FC7C4232A18DCF4CD3AF303;
		};
		B4F9CFEBADE9419FFE29C935 = {
			isa = PBXTargetDependency;
			target = 5FC7C4232A18DCF4CD3AF303;
		};
		C3E427BF27EA496911955400 = {
			isa = PBXTargetDependency;
			target = 5FC7C4232A18DCF4CD3AF303;
		};
		EB49E6963CB923F64D3A431A = {
			isa = PBXTargetDependency;
			target = 97FCA89556D475C8BDB8648F;
		};
/* End PBXTargetDependency section */

/* Begin XCBuildConfiguration section */
		02EAA05AE2C0ECAA0E295132 /* Release */ = {
			isa = XCBuildConfiguration;
			buildSettings = {
				CLANG_CXX_LANGUAGE_STANDARD = "c++14";
				CLANG_CXX_LIBRARY = "libc++";
				CLANG_LINK_OBJC_RUNTIME = NO;
				CODE_SIGN_IDENTITY = "";
				COMBINE_HIDPI_IMAGES = YES;
				CONFIGURATION_BUILD_DIR = "$(PROJECT_DIR)/build/$(CONFIGURATION)";
				DEAD_CODE_STRIPPING = YES;
				DEPLOYMENT_LOCATION = YES;
				DSTROOT = /;
				EXCLUDED_ARCHS = "";
				GCC_GENERATE_DEBUGGING_SYMBOLS = NO;
				GCC_OPTIMIZATION_LEVEL = 3;
				GCC_PREPROCESSOR_DEFINITIONS = (
					"_NDEBUG=1",
					"NDEBUG=1",
					"JUCE_DISPLAY_SPLASH_SCREEN=0",
					"JUCE_USE_DARK_SPLASH_SCREEN=1",
					"JUCE_PROJUCER_VERSION=0x60106",
					"JUCE_MODULE_AVAILABLE_juce_audio_basics=1",
					"JUCE_MODULE_AVAILABLE_juce_audio_devices=1",
					"JUCE_MODULE_AVAILABLE_juce_audio_formats=1",
					"JUCE_MODULE_AVAILABLE_juce_audio_plugin_client=1",
					"JUCE_MODULE_AVAILABLE_juce_audio_processors=1",
					"JUCE_MODULE_AVAILABLE_juce_audio_utils=1",
					"JUCE_MODULE_AVAILABLE_juce_core=1",
					"JUCE_MODULE_AVAILABLE_juce_data_structures=1",
					"JUCE_MODULE_AVAILABLE_juce_dsp=1",
					"JUCE_MODULE_AVAILABLE_juce_events=1",
					"JUCE_MODULE_AVAILABLE_juce_graphics=1",
					"JUCE_MODULE_AVAILABLE_juce_gui_basics=1",
					"JUCE_MODULE_AVAILABLE_juce_gui_extra=1",
					"JUCE_GLOBAL_MODULE_SETTINGS_INCLUDED=1",
					"JUCE_VST3_CAN_REPLACE_VST2=0",
					"JUCE_STRICT_REFCOUNTEDPOINTER=1",
					"JucePlugin_Build_VST=0",
					"JucePlugin_Build_VST3=0",
					"JucePlugin_Build_AU=1",
					"JucePlugin_Build_AUv3=0",
					"JucePlugin_Build_RTAS=0",
					"JucePlugin_Build_AAX=0",
					"JucePlugin_Build_Standalone=0",
					"JucePlugin_Build_Unity=0",
					"JucePlugin_Enable_IAA=0",
					"JucePlugin_Name=\\\"GPC\\\"",
					"JucePlugin_Desc=\\\"GPC\\\"",
					"JucePlugin_Manufacturer=\\\"Recluse-Audio\\\"",
					"JucePlugin_ManufacturerWebsite=\\\"\\\"",
					"JucePlugin_ManufacturerEmail=\\\"\\\"",
					"JucePlugin_ManufacturerCode=0x5245434c",
					"JucePlugin_PluginCode=0x4d716135",
					"JucePlugin_IsSynth=1",
					"JucePlugin_WantsMidiInput=1",
					"JucePlugin_ProducesMidiOutput=1",
					"JucePlugin_IsMidiEffect=0",
					"JucePlugin_EditorRequiresKeyboardFocus=0",
					"JucePlugin_Version=1.0.0",
					"JucePlugin_VersionCode=0x10000",
					"JucePlugin_VersionString=\\\"1.0.0\\\"",
					"JucePlugin_VSTUniqueID=JucePlugin_PluginCode",
					"JucePlugin_VSTCategory=kPlugCategSynth",
					"JucePlugin_Vst3Category=\\\"Instrument|Synth\\\"",
					"JucePlugin_AUMainType=\\'aumu\\'",
					"JucePlugin_AUSubType=JucePlugin_PluginCode",
					"JucePlugin_AUExportPrefix=GPCAU",
					"JucePlugin_AUExportPrefixQuoted=\\\"GPCAU\\\"",
					"JucePlugin_AUManufacturerCode=JucePlugin_ManufacturerCode",
					"JucePlugin_CFBundleIdentifier=com.yourcompany.GPC",
					"JucePlugin_RTASCategory=2048",
					"JucePlugin_RTASManufacturerCode=JucePlugin_ManufacturerCode",
					"JucePlugin_RTASProductId=JucePlugin_PluginCode",
					"JucePlugin_RTASDisableBypass=0",
					"JucePlugin_RTASDisableMultiMono=0",
					"JucePlugin_AAXIdentifier=com.yourcompany.GPC",
					"JucePlugin_AAXManufacturerCode=JucePlugin_ManufacturerCode",
					"JucePlugin_AAXProductId=JucePlugin_PluginCode",
					"JucePlugin_AAXCategory=2048",
					"JucePlugin_AAXDisableBypass=0",
					"JucePlugin_AAXDisableMultiMono=0",
					"JucePlugin_IAAType=0x61757269",
					"JucePlugin_IAASubType=JucePlugin_PluginCode",
					"JucePlugin_IAAName=\\\"Recluse-Audio:\\ GPC\\\"",
					"JucePlugin_VSTNumMidiInputs=16",
					"JucePlugin_VSTNumMidiOutputs=16",
					"JUCE_STANDALONE_APPLICATION=JucePlugin_Build_Standalone",
					"JUCER_XCODE_MAC_F6D2F4CF=1",
					"JUCE_APP_VERSION=1.0.0",
					"JUCE_APP_VERSION_HEX=0x10000",
				);
				GCC_VERSION = com.apple.compilers.llvm.clang.1_0;
				GENERATE_PKGINFO_FILE = YES;
				HEADER_SEARCH_PATHS = (
					"/Users/ryandevens/JUCE_PROJECTS/JUCE/modules/juce_audio_processors/format_types/VST3_SDK",
					"$(SRCROOT)/../../JuceLibraryCode",
					"/Users/ryandevens/JUCE_PROJECTS/JUCE/modules",
					"/Users/ryandevens/JUCE_PROJECTS/JUCE/modules/juce_audio_plugin_client",
					"$(inherited)",
				);
				INFOPLIST_FILE = Info-AU.plist;
				INFOPLIST_PREPROCESS = NO;
				INSTALL_PATH = "$(HOME)/Library/Audio/Plug-Ins/Components/";
				LIBRARY_STYLE = Bundle;
				LLVM_LTO = YES;
				MACOSX_DEPLOYMENT_TARGET = 10.11;
				MTL_HEADER_SEARCH_PATHS = "/Users/ryandevens/JUCE_PROJECTS/JUCE/modules/juce_audio_processors/format_types/VST3_SDK $(SRCROOT)/../../JuceLibraryCode /Users/ryandevens/JUCE_PROJECTS/JUCE/modules /Users/ryandevens/JUCE_PROJECTS/JUCE/modules/juce_audio_plugin_client";
				OTHER_LDFLAGS = "-bundle -lGPC";
				OTHER_REZFLAGS = "-d ppc_$ppc -d i386_$i386 -d ppc64_$ppc64 -d x86_64_$x86_64 -d arm64_$arm64 -I /System/Library/Frameworks/CoreServices.framework/Frameworks/CarbonCore.framework/Versions/A/Headers -I \"$(DEVELOPER_DIR)/Extras/CoreAudio/AudioUnits/AUPublic/AUBase\" -I \"$(DEVELOPER_DIR)/Platforms/MacOSX.platform/Developer/SDKs/MacOSX.sdk/System/Library/Frameworks/AudioUnit.framework/Headers\"";
				PRODUCT_BUNDLE_IDENTIFIER = com.yourcompany.GPC;
				PRODUCT_NAME = "GPC";
				USE_HEADERMAP = NO;
				VALID_ARCHS = "i386 x86_64 arm64 arm64e";
				WRAPPER_EXTENSION = component;
			};
			name = Release;
		};
		22E18D05584DED08FE007182 /* Debug */ = {
			isa = XCBuildConfiguration;
			buildSettings = {
				CLANG_CXX_LANGUAGE_STANDARD = "c++14";
				CLANG_CXX_LIBRARY = "libc++";
				CLANG_LINK_OBJC_RUNTIME = NO;
				CODE_SIGN_IDENTITY = "";
				COMBINE_HIDPI_IMAGES = YES;
				CONFIGURATION_BUILD_DIR = "$(PROJECT_DIR)/build/$(CONFIGURATION)";
				COPY_PHASE_STRIP = NO;
				EXCLUDED_ARCHS = "";
				GCC_DYNAMIC_NO_PIC = NO;
				GCC_OPTIMIZATION_LEVEL = 0;
				GCC_PREPROCESSOR_DEFINITIONS = (
					"_DEBUG=1",
					"DEBUG=1",
					"JUCE_DISPLAY_SPLASH_SCREEN=0",
					"JUCE_USE_DARK_SPLASH_SCREEN=1",
					"JUCE_PROJUCER_VERSION=0x60106",
					"JUCE_MODULE_AVAILABLE_juce_audio_basics=1",
					"JUCE_MODULE_AVAILABLE_juce_audio_devices=1",
					"JUCE_MODULE_AVAILABLE_juce_audio_formats=1",
					"JUCE_MODULE_AVAILABLE_juce_audio_plugin_client=1",
					"JUCE_MODULE_AVAILABLE_juce_audio_processors=1",
					"JUCE_MODULE_AVAILABLE_juce_audio_utils=1",
					"JUCE_MODULE_AVAILABLE_juce_core=1",
					"JUCE_MODULE_AVAILABLE_juce_data_structures=1",
					"JUCE_MODULE_AVAILABLE_juce_dsp=1",
					"JUCE_MODULE_AVAILABLE_juce_events=1",
					"JUCE_MODULE_AVAILABLE_juce_graphics=1",
					"JUCE_MODULE_AVAILABLE_juce_gui_basics=1",
					"JUCE_MODULE_AVAILABLE_juce_gui_extra=1",
					"JUCE_GLOBAL_MODULE_SETTINGS_INCLUDED=1",
					"JUCE_VST3_CAN_REPLACE_VST2=0",
					"JUCE_STRICT_REFCOUNTEDPOINTER=1",
					"JucePlugin_Build_VST=0",
					"JucePlugin_Build_VST3=1",
					"JucePlugin_Build_AU=1",
					"JucePlugin_Build_AUv3=0",
					"JucePlugin_Build_RTAS=0",
					"JucePlugin_Build_AAX=0",
					"JucePlugin_Build_Standalone=1",
					"JucePlugin_Build_Unity=0",
					"JucePlugin_Enable_IAA=0",
					"JucePlugin_Name=\\\"GPC\\\"",
					"JucePlugin_Desc=\\\"GPC\\\"",
					"JucePlugin_Manufacturer=\\\"Recluse-Audio\\\"",
					"JucePlugin_ManufacturerWebsite=\\\"\\\"",
					"JucePlugin_ManufacturerEmail=\\\"\\\"",
					"JucePlugin_ManufacturerCode=0x5245434c",
					"JucePlugin_PluginCode=0x4d716135",
					"JucePlugin_IsSynth=1",
					"JucePlugin_WantsMidiInput=1",
					"JucePlugin_ProducesMidiOutput=1",
					"JucePlugin_IsMidiEffect=0",
					"JucePlugin_EditorRequiresKeyboardFocus=0",
					"JucePlugin_Version=1.0.0",
					"JucePlugin_VersionCode=0x10000",
					"JucePlugin_VersionString=\\\"1.0.0\\\"",
					"JucePlugin_VSTUniqueID=JucePlugin_PluginCode",
					"JucePlugin_VSTCategory=kPlugCategSynth",
					"JucePlugin_Vst3Category=\\\"Instrument|Synth\\\"",
					"JucePlugin_AUMainType=\\'aumu\\'",
					"JucePlugin_AUSubType=JucePlugin_PluginCode",
					"JucePlugin_AUExportPrefix=GPCAU",
					"JucePlugin_AUExportPrefixQuoted=\\\"GPCAU\\\"",
					"JucePlugin_AUManufacturerCode=JucePlugin_ManufacturerCode",
					"JucePlugin_CFBundleIdentifier=com.yourcompany.GPC",
					"JucePlugin_RTASCategory=2048",
					"JucePlugin_RTASManufacturerCode=JucePlugin_ManufacturerCode",
					"JucePlugin_RTASProductId=JucePlugin_PluginCode",
					"JucePlugin_RTASDisableBypass=0",
					"JucePlugin_RTASDisableMultiMono=0",
					"JucePlugin_AAXIdentifier=com.yourcompany.GPC",
					"JucePlugin_AAXManufacturerCode=JucePlugin_ManufacturerCode",
					"JucePlugin_AAXProductId=JucePlugin_PluginCode",
					"JucePlugin_AAXCategory=2048",
					"JucePlugin_AAXDisableBypass=0",
					"JucePlugin_AAXDisableMultiMono=0",
					"JucePlugin_IAAType=0x61757269",
					"JucePlugin_IAASubType=JucePlugin_PluginCode",
					"JucePlugin_IAAName=\\\"Recluse-Audio:\\ GPC\\\"",
					"JucePlugin_VSTNumMidiInputs=16",
					"JucePlugin_VSTNumMidiOutputs=16",
					"JUCE_STANDALONE_APPLICATION=JucePlugin_Build_Standalone",
					"JUCER_XCODE_MAC_F6D2F4CF=1",
					"JUCE_APP_VERSION=1.0.0",
					"JUCE_APP_VERSION_HEX=0x10000",
					"JUCE_SHARED_CODE=1",
				);
				GCC_VERSION = com.apple.compilers.llvm.clang.1_0;
				HEADER_SEARCH_PATHS = (
					"/Users/ryandevens/JUCE_PROJECTS/JUCE/modules/juce_audio_processors/format_types/VST3_SDK",
					"$(SRCROOT)/../../JuceLibraryCode",
					"/Users/ryandevens/JUCE_PROJECTS/JUCE/modules",
					"/Users/ryandevens/JUCE_PROJECTS/JUCE/modules/juce_audio_plugin_client",
					"$(inherited)",
				);
				INSTALL_PATH = "@executable_path/../Frameworks";
				MACOSX_DEPLOYMENT_TARGET = 10.11;
				MTL_HEADER_SEARCH_PATHS = "/Users/ryandevens/JUCE_PROJECTS/JUCE/modules/juce_audio_processors/format_types/VST3_SDK $(SRCROOT)/../../JuceLibraryCode /Users/ryandevens/JUCE_PROJECTS/JUCE/modules /Users/ryandevens/JUCE_PROJECTS/JUCE/modules/juce_audio_plugin_client";
				PRODUCT_BUNDLE_IDENTIFIER = com.yourcompany.GPC;
				PRODUCT_NAME = "GPC";
				SKIP_INSTALL = YES;
				USE_HEADERMAP = NO;
				VALID_ARCHS = "i386 x86_64 arm64 arm64e";
			};
			name = Debug;
		};
		3B3E70F0347B673E0D84D573 /* Release */ = {
			isa = XCBuildConfiguration;
			buildSettings = {
				CLANG_CXX_LANGUAGE_STANDARD = "c++14";
				CLANG_CXX_LIBRARY = "libc++";
				CLANG_LINK_OBJC_RUNTIME = NO;
				CODE_SIGN_IDENTITY = "";
				COMBINE_HIDPI_IMAGES = YES;
				CONFIGURATION_BUILD_DIR = "$(PROJECT_DIR)/build/$(CONFIGURATION)";
				DEAD_CODE_STRIPPING = YES;
				EXCLUDED_ARCHS = "";
				GCC_GENERATE_DEBUGGING_SYMBOLS = NO;
				GCC_OPTIMIZATION_LEVEL = 3;
				GCC_PREPROCESSOR_DEFINITIONS = (
					"_NDEBUG=1",
					"NDEBUG=1",
					"JUCE_DISPLAY_SPLASH_SCREEN=0",
					"JUCE_USE_DARK_SPLASH_SCREEN=1",
					"JUCE_PROJUCER_VERSION=0x60106",
					"JUCE_MODULE_AVAILABLE_juce_audio_basics=1",
					"JUCE_MODULE_AVAILABLE_juce_audio_devices=1",
					"JUCE_MODULE_AVAILABLE_juce_audio_formats=1",
					"JUCE_MODULE_AVAILABLE_juce_audio_plugin_client=1",
					"JUCE_MODULE_AVAILABLE_juce_audio_processors=1",
					"JUCE_MODULE_AVAILABLE_juce_audio_utils=1",
					"JUCE_MODULE_AVAILABLE_juce_core=1",
					"JUCE_MODULE_AVAILABLE_juce_data_structures=1",
					"JUCE_MODULE_AVAILABLE_juce_dsp=1",
					"JUCE_MODULE_AVAILABLE_juce_events=1",
					"JUCE_MODULE_AVAILABLE_juce_graphics=1",
					"JUCE_MODULE_AVAILABLE_juce_gui_basics=1",
					"JUCE_MODULE_AVAILABLE_juce_gui_extra=1",
					"JUCE_GLOBAL_MODULE_SETTINGS_INCLUDED=1",
					"JUCE_VST3_CAN_REPLACE_VST2=0",
					"JUCE_STRICT_REFCOUNTEDPOINTER=1",
					"JucePlugin_Build_VST=0",
					"JucePlugin_Build_VST3=0",
					"JucePlugin_Build_AU=0",
					"JucePlugin_Build_AUv3=0",
					"JucePlugin_Build_RTAS=0",
					"JucePlugin_Build_AAX=0",
					"JucePlugin_Build_Standalone=1",
					"JucePlugin_Build_Unity=0",
					"JucePlugin_Enable_IAA=0",
					"JucePlugin_Name=\\\"GPC\\\"",
					"JucePlugin_Desc=\\\"GPC\\\"",
					"JucePlugin_Manufacturer=\\\"Recluse-Audio\\\"",
					"JucePlugin_ManufacturerWebsite=\\\"\\\"",
					"JucePlugin_ManufacturerEmail=\\\"\\\"",
					"JucePlugin_ManufacturerCode=0x5245434c",
					"JucePlugin_PluginCode=0x4d716135",
					"JucePlugin_IsSynth=1",
					"JucePlugin_WantsMidiInput=1",
					"JucePlugin_ProducesMidiOutput=1",
					"JucePlugin_IsMidiEffect=0",
					"JucePlugin_EditorRequiresKeyboardFocus=0",
					"JucePlugin_Version=1.0.0",
					"JucePlugin_VersionCode=0x10000",
					"JucePlugin_VersionString=\\\"1.0.0\\\"",
					"JucePlugin_VSTUniqueID=JucePlugin_PluginCode",
					"JucePlugin_VSTCategory=kPlugCategSynth",
					"JucePlugin_Vst3Category=\\\"Instrument|Synth\\\"",
					"JucePlugin_AUMainType=\\'aumu\\'",
					"JucePlugin_AUSubType=JucePlugin_PluginCode",
					"JucePlugin_AUExportPrefix=GPCAU",
					"JucePlugin_AUExportPrefixQuoted=\\\"GPCAU\\\"",
					"JucePlugin_AUManufacturerCode=JucePlugin_ManufacturerCode",
					"JucePlugin_CFBundleIdentifier=com.yourcompany.GPC",
					"JucePlugin_RTASCategory=2048",
					"JucePlugin_RTASManufacturerCode=JucePlugin_ManufacturerCode",
					"JucePlugin_RTASProductId=JucePlugin_PluginCode",
					"JucePlugin_RTASDisableBypass=0",
					"JucePlugin_RTASDisableMultiMono=0",
					"JucePlugin_AAXIdentifier=com.yourcompany.GPC",
					"JucePlugin_AAXManufacturerCode=JucePlugin_ManufacturerCode",
					"JucePlugin_AAXProductId=JucePlugin_PluginCode",
					"JucePlugin_AAXCategory=2048",
					"JucePlugin_AAXDisableBypass=0",
					"JucePlugin_AAXDisableMultiMono=0",
					"JucePlugin_IAAType=0x61757269",
					"JucePlugin_IAASubType=JucePlugin_PluginCode",
					"JucePlugin_IAAName=\\\"Recluse-Audio:\\ GPC\\\"",
					"JucePlugin_VSTNumMidiInputs=16",
					"JucePlugin_VSTNumMidiOutputs=16",
					"JUCE_STANDALONE_APPLICATION=JucePlugin_Build_Standalone",
					"JUCER_XCODE_MAC_F6D2F4CF=1",
					"JUCE_APP_VERSION=1.0.0",
					"JUCE_APP_VERSION_HEX=0x10000",
				);
				GCC_VERSION = com.apple.compilers.llvm.clang.1_0;
				HEADER_SEARCH_PATHS = (
					"/Users/ryandevens/JUCE_PROJECTS/JUCE/modules/juce_audio_processors/format_types/VST3_SDK",
					"$(SRCROOT)/../../JuceLibraryCode",
					"/Users/ryandevens/JUCE_PROJECTS/JUCE/modules",
					"/Users/ryandevens/JUCE_PROJECTS/JUCE/modules/juce_audio_plugin_client",
					"$(inherited)",
				);
				INFOPLIST_FILE = Info-Standalone_Plugin.plist;
				INFOPLIST_PREPROCESS = NO;
				LLVM_LTO = YES;
				MACOSX_DEPLOYMENT_TARGET = 10.11;
				MTL_HEADER_SEARCH_PATHS = "/Users/ryandevens/JUCE_PROJECTS/JUCE/modules/juce_audio_processors/format_types/VST3_SDK $(SRCROOT)/../../JuceLibraryCode /Users/ryandevens/JUCE_PROJECTS/JUCE/modules /Users/ryandevens/JUCE_PROJECTS/JUCE/modules/juce_audio_plugin_client";
				OTHER_LDFLAGS = "-lGPC";
				PRODUCT_BUNDLE_IDENTIFIER = com.yourcompany.GPC;
				PRODUCT_NAME = "GPC";
				USE_HEADERMAP = NO;
				VALID_ARCHS = "i386 x86_64 arm64 arm64e";
			};
			name = Release;
		};
		3E81EE1521D1365FD8BD4031 /* Debug */ = {
			isa = XCBuildConfiguration;
			buildSettings = {
				CLANG_CXX_LANGUAGE_STANDARD = "c++14";
				CLANG_CXX_LIBRARY = "libc++";
				CLANG_LINK_OBJC_RUNTIME = NO;
				CODE_SIGN_IDENTITY = "";
				COMBINE_HIDPI_IMAGES = YES;
				CONFIGURATION_BUILD_DIR = "$(PROJECT_DIR)/build/$(CONFIGURATION)";
				COPY_PHASE_STRIP = NO;
				EXCLUDED_ARCHS = "";
				GCC_DYNAMIC_NO_PIC = NO;
				GCC_OPTIMIZATION_LEVEL = 0;
				GCC_PREPROCESSOR_DEFINITIONS = (
					"_DEBUG=1",
					"DEBUG=1",
					"JUCE_DISPLAY_SPLASH_SCREEN=0",
					"JUCE_USE_DARK_SPLASH_SCREEN=1",
					"JUCE_PROJUCER_VERSION=0x60106",
					"JUCE_MODULE_AVAILABLE_juce_audio_basics=1",
					"JUCE_MODULE_AVAILABLE_juce_audio_devices=1",
					"JUCE_MODULE_AVAILABLE_juce_audio_formats=1",
					"JUCE_MODULE_AVAILABLE_juce_audio_plugin_client=1",
					"JUCE_MODULE_AVAILABLE_juce_audio_processors=1",
					"JUCE_MODULE_AVAILABLE_juce_audio_utils=1",
					"JUCE_MODULE_AVAILABLE_juce_core=1",
					"JUCE_MODULE_AVAILABLE_juce_data_structures=1",
					"JUCE_MODULE_AVAILABLE_juce_dsp=1",
					"JUCE_MODULE_AVAILABLE_juce_events=1",
					"JUCE_MODULE_AVAILABLE_juce_graphics=1",
					"JUCE_MODULE_AVAILABLE_juce_gui_basics=1",
					"JUCE_MODULE_AVAILABLE_juce_gui_extra=1",
					"JUCE_GLOBAL_MODULE_SETTINGS_INCLUDED=1",
					"JUCE_VST3_CAN_REPLACE_VST2=0",
					"JUCE_STRICT_REFCOUNTEDPOINTER=1",
					"JucePlugin_Build_VST=0",
					"JucePlugin_Build_VST3=0",
					"JucePlugin_Build_AU=0",
					"JucePlugin_Build_AUv3=0",
					"JucePlugin_Build_RTAS=0",
					"JucePlugin_Build_AAX=0",
					"JucePlugin_Build_Standalone=1",
					"JucePlugin_Build_Unity=0",
					"JucePlugin_Enable_IAA=0",
					"JucePlugin_Name=\\\"GPC\\\"",
					"JucePlugin_Desc=\\\"GPC\\\"",
					"JucePlugin_Manufacturer=\\\"Recluse-Audio\\\"",
					"JucePlugin_ManufacturerWebsite=\\\"\\\"",
					"JucePlugin_ManufacturerEmail=\\\"\\\"",
					"JucePlugin_ManufacturerCode=0x5245434c",
					"JucePlugin_PluginCode=0x4d716135",
					"JucePlugin_IsSynth=1",
					"JucePlugin_WantsMidiInput=1",
					"JucePlugin_ProducesMidiOutput=1",
					"JucePlugin_IsMidiEffect=0",
					"JucePlugin_EditorRequiresKeyboardFocus=0",
					"JucePlugin_Version=1.0.0",
					"JucePlugin_VersionCode=0x10000",
					"JucePlugin_VersionString=\\\"1.0.0\\\"",
					"JucePlugin_VSTUniqueID=JucePlugin_PluginCode",
					"JucePlugin_VSTCategory=kPlugCategSynth",
					"JucePlugin_Vst3Category=\\\"Instrument|Synth\\\"",
					"JucePlugin_AUMainType=\\'aumu\\'",
					"JucePlugin_AUSubType=JucePlugin_PluginCode",
					"JucePlugin_AUExportPrefix=GPCAU",
					"JucePlugin_AUExportPrefixQuoted=\\\"GPCAU\\\"",
					"JucePlugin_AUManufacturerCode=JucePlugin_ManufacturerCode",
					"JucePlugin_CFBundleIdentifier=com.yourcompany.GPC",
					"JucePlugin_RTASCategory=2048",
					"JucePlugin_RTASManufacturerCode=JucePlugin_ManufacturerCode",
					"JucePlugin_RTASProductId=JucePlugin_PluginCode",
					"JucePlugin_RTASDisableBypass=0",
					"JucePlugin_RTASDisableMultiMono=0",
					"JucePlugin_AAXIdentifier=com.yourcompany.GPC",
					"JucePlugin_AAXManufacturerCode=JucePlugin_ManufacturerCode",
					"JucePlugin_AAXProductId=JucePlugin_PluginCode",
					"JucePlugin_AAXCategory=2048",
					"JucePlugin_AAXDisableBypass=0",
					"JucePlugin_AAXDisableMultiMono=0",
					"JucePlugin_IAAType=0x61757269",
					"JucePlugin_IAASubType=JucePlugin_PluginCode",
					"JucePlugin_IAAName=\\\"Recluse-Audio:\\ GPC\\\"",
					"JucePlugin_VSTNumMidiInputs=16",
					"JucePlugin_VSTNumMidiOutputs=16",
					"JUCE_STANDALONE_APPLICATION=JucePlugin_Build_Standalone",
					"JUCER_XCODE_MAC_F6D2F4CF=1",
					"JUCE_APP_VERSION=1.0.0",
					"JUCE_APP_VERSION_HEX=0x10000",
				);
				GCC_VERSION = com.apple.compilers.llvm.clang.1_0;
				HEADER_SEARCH_PATHS = (
					"/Users/ryandevens/JUCE_PROJECTS/JUCE/modules/juce_audio_processors/format_types/VST3_SDK",
					"$(SRCROOT)/../../JuceLibraryCode",
					"/Users/ryandevens/JUCE_PROJECTS/JUCE/modules",
					"/Users/ryandevens/JUCE_PROJECTS/JUCE/modules/juce_audio_plugin_client",
					"$(inherited)",
				);
				INFOPLIST_FILE = Info-Standalone_Plugin.plist;
				INFOPLIST_PREPROCESS = NO;
				MACOSX_DEPLOYMENT_TARGET = 10.11;
				MTL_HEADER_SEARCH_PATHS = "/Users/ryandevens/JUCE_PROJECTS/JUCE/modules/juce_audio_processors/format_types/VST3_SDK $(SRCROOT)/../../JuceLibraryCode /Users/ryandevens/JUCE_PROJECTS/JUCE/modules /Users/ryandevens/JUCE_PROJECTS/JUCE/modules/juce_audio_plugin_client";
				OTHER_LDFLAGS = "-lGPC";
				PRODUCT_BUNDLE_IDENTIFIER = com.yourcompany.GPC;
				PRODUCT_NAME = "GPC";
				USE_HEADERMAP = NO;
				VALID_ARCHS = "i386 x86_64 arm64 arm64e";
			};
			name = Debug;
		};
		413430A80B690276BB1B0FE2 /* Release */ = {
			isa = XCBuildConfiguration;
			buildSettings = {
				CLANG_CXX_LANGUAGE_STANDARD = "c++14";
				CLANG_CXX_LIBRARY = "libc++";
				CLANG_LINK_OBJC_RUNTIME = NO;
				CODE_SIGN_IDENTITY = "";
				COMBINE_HIDPI_IMAGES = YES;
				CONFIGURATION_BUILD_DIR = "$(PROJECT_DIR)/build/$(CONFIGURATION)";
				DEAD_CODE_STRIPPING = YES;
				DEPLOYMENT_LOCATION = YES;
				DSTROOT = /;
				EXCLUDED_ARCHS = "";
				GCC_GENERATE_DEBUGGING_SYMBOLS = NO;
				GCC_OPTIMIZATION_LEVEL = 3;
				GCC_PREPROCESSOR_DEFINITIONS = (
					"_NDEBUG=1",
					"NDEBUG=1",
					"JUCE_DISPLAY_SPLASH_SCREEN=0",
					"JUCE_USE_DARK_SPLASH_SCREEN=1",
					"JUCE_PROJUCER_VERSION=0x60106",
					"JUCE_MODULE_AVAILABLE_juce_audio_basics=1",
					"JUCE_MODULE_AVAILABLE_juce_audio_devices=1",
					"JUCE_MODULE_AVAILABLE_juce_audio_formats=1",
					"JUCE_MODULE_AVAILABLE_juce_audio_plugin_client=1",
					"JUCE_MODULE_AVAILABLE_juce_audio_processors=1",
					"JUCE_MODULE_AVAILABLE_juce_audio_utils=1",
					"JUCE_MODULE_AVAILABLE_juce_core=1",
					"JUCE_MODULE_AVAILABLE_juce_data_structures=1",
					"JUCE_MODULE_AVAILABLE_juce_dsp=1",
					"JUCE_MODULE_AVAILABLE_juce_events=1",
					"JUCE_MODULE_AVAILABLE_juce_graphics=1",
					"JUCE_MODULE_AVAILABLE_juce_gui_basics=1",
					"JUCE_MODULE_AVAILABLE_juce_gui_extra=1",
					"JUCE_GLOBAL_MODULE_SETTINGS_INCLUDED=1",
					"JUCE_VST3_CAN_REPLACE_VST2=0",
					"JUCE_STRICT_REFCOUNTEDPOINTER=1",
					"JucePlugin_Build_VST=0",
					"JucePlugin_Build_VST3=1",
					"JucePlugin_Build_AU=0",
					"JucePlugin_Build_AUv3=0",
					"JucePlugin_Build_RTAS=0",
					"JucePlugin_Build_AAX=0",
					"JucePlugin_Build_Standalone=0",
					"JucePlugin_Build_Unity=0",
					"JucePlugin_Enable_IAA=0",
					"JucePlugin_Name=\\\"GPC\\\"",
					"JucePlugin_Desc=\\\"GPC\\\"",
					"JucePlugin_Manufacturer=\\\"Recluse-Audio\\\"",
					"JucePlugin_ManufacturerWebsite=\\\"\\\"",
					"JucePlugin_ManufacturerEmail=\\\"\\\"",
					"JucePlugin_ManufacturerCode=0x5245434c",
					"JucePlugin_PluginCode=0x4d716135",
					"JucePlugin_IsSynth=1",
					"JucePlugin_WantsMidiInput=1",
					"JucePlugin_ProducesMidiOutput=1",
					"JucePlugin_IsMidiEffect=0",
					"JucePlugin_EditorRequiresKeyboardFocus=0",
					"JucePlugin_Version=1.0.0",
					"JucePlugin_VersionCode=0x10000",
					"JucePlugin_VersionString=\\\"1.0.0\\\"",
					"JucePlugin_VSTUniqueID=JucePlugin_PluginCode",
					"JucePlugin_VSTCategory=kPlugCategSynth",
					"JucePlugin_Vst3Category=\\\"Instrument|Synth\\\"",
					"JucePlugin_AUMainType=\\'aumu\\'",
					"JucePlugin_AUSubType=JucePlugin_PluginCode",
					"JucePlugin_AUExportPrefix=GPCAU",
					"JucePlugin_AUExportPrefixQuoted=\\\"GPCAU\\\"",
					"JucePlugin_AUManufacturerCode=JucePlugin_ManufacturerCode",
					"JucePlugin_CFBundleIdentifier=com.yourcompany.GPC",
					"JucePlugin_RTASCategory=2048",
					"JucePlugin_RTASManufacturerCode=JucePlugin_ManufacturerCode",
					"JucePlugin_RTASProductId=JucePlugin_PluginCode",
					"JucePlugin_RTASDisableBypass=0",
					"JucePlugin_RTASDisableMultiMono=0",
					"JucePlugin_AAXIdentifier=com.yourcompany.GPC",
					"JucePlugin_AAXManufacturerCode=JucePlugin_ManufacturerCode",
					"JucePlugin_AAXProductId=JucePlugin_PluginCode",
					"JucePlugin_AAXCategory=2048",
					"JucePlugin_AAXDisableBypass=0",
					"JucePlugin_AAXDisableMultiMono=0",
					"JucePlugin_IAAType=0x61757269",
					"JucePlugin_IAASubType=JucePlugin_PluginCode",
					"JucePlugin_IAAName=\\\"Recluse-Audio:\\ GPC\\\"",
					"JucePlugin_VSTNumMidiInputs=16",
					"JucePlugin_VSTNumMidiOutputs=16",
					"JUCE_STANDALONE_APPLICATION=JucePlugin_Build_Standalone",
					"JUCER_XCODE_MAC_F6D2F4CF=1",
					"JUCE_APP_VERSION=1.0.0",
					"JUCE_APP_VERSION_HEX=0x10000",
				);
				GCC_VERSION = com.apple.compilers.llvm.clang.1_0;
				GENERATE_PKGINFO_FILE = YES;
				HEADER_SEARCH_PATHS = (
					"/Users/ryandevens/JUCE_PROJECTS/JUCE/modules/juce_audio_processors/format_types/VST3_SDK",
					"$(SRCROOT)/../../JuceLibraryCode",
					"/Users/ryandevens/JUCE_PROJECTS/JUCE/modules",
					"/Users/ryandevens/JUCE_PROJECTS/JUCE/modules/juce_audio_plugin_client",
					"$(inherited)",
				);
				INFOPLIST_FILE = Info-VST3.plist;
				INFOPLIST_PREPROCESS = NO;
				INSTALL_PATH = "$(HOME)/Library/Audio/Plug-Ins/VST3/";
				LIBRARY_STYLE = Bundle;
				LLVM_LTO = YES;
				MACOSX_DEPLOYMENT_TARGET = 10.11;
				MTL_HEADER_SEARCH_PATHS = "/Users/ryandevens/JUCE_PROJECTS/JUCE/modules/juce_audio_processors/format_types/VST3_SDK $(SRCROOT)/../../JuceLibraryCode /Users/ryandevens/JUCE_PROJECTS/JUCE/modules /Users/ryandevens/JUCE_PROJECTS/JUCE/modules/juce_audio_plugin_client";
				OTHER_LDFLAGS = "-bundle -lGPC";
				PRODUCT_BUNDLE_IDENTIFIER = com.yourcompany.GPC;
				PRODUCT_NAME = "GPC";
				USE_HEADERMAP = NO;
				VALID_ARCHS = "i386 x86_64 arm64 arm64e";
				WRAPPER_EXTENSION = vst3;
			};
			name = Release;
		};
		43765102FD9C739F7983E0AC /* Release */ = {
			isa = XCBuildConfiguration;
			buildSettings = {
				CLANG_CXX_LANGUAGE_STANDARD = "c++14";
				CLANG_CXX_LIBRARY = "libc++";
				CLANG_LINK_OBJC_RUNTIME = NO;
				CODE_SIGN_IDENTITY = "";
				COMBINE_HIDPI_IMAGES = YES;
				CONFIGURATION_BUILD_DIR = "$(PROJECT_DIR)/build/$(CONFIGURATION)";
				DEAD_CODE_STRIPPING = YES;
				EXCLUDED_ARCHS = "";
				GCC_GENERATE_DEBUGGING_SYMBOLS = NO;
				GCC_OPTIMIZATION_LEVEL = 3;
				GCC_PREPROCESSOR_DEFINITIONS = (
					"_NDEBUG=1",
					"NDEBUG=1",
					"JUCE_DISPLAY_SPLASH_SCREEN=0",
					"JUCE_USE_DARK_SPLASH_SCREEN=1",
					"JUCE_PROJUCER_VERSION=0x60106",
					"JUCE_MODULE_AVAILABLE_juce_audio_basics=1",
					"JUCE_MODULE_AVAILABLE_juce_audio_devices=1",
					"JUCE_MODULE_AVAILABLE_juce_audio_formats=1",
					"JUCE_MODULE_AVAILABLE_juce_audio_plugin_client=1",
					"JUCE_MODULE_AVAILABLE_juce_audio_processors=1",
					"JUCE_MODULE_AVAILABLE_juce_audio_utils=1",
					"JUCE_MODULE_AVAILABLE_juce_core=1",
					"JUCE_MODULE_AVAILABLE_juce_data_structures=1",
					"JUCE_MODULE_AVAILABLE_juce_dsp=1",
					"JUCE_MODULE_AVAILABLE_juce_events=1",
					"JUCE_MODULE_AVAILABLE_juce_graphics=1",
					"JUCE_MODULE_AVAILABLE_juce_gui_basics=1",
					"JUCE_MODULE_AVAILABLE_juce_gui_extra=1",
					"JUCE_GLOBAL_MODULE_SETTINGS_INCLUDED=1",
					"JUCE_VST3_CAN_REPLACE_VST2=0",
					"JUCE_STRICT_REFCOUNTEDPOINTER=1",
					"JucePlugin_Build_VST=0",
					"JucePlugin_Build_VST3=1",
					"JucePlugin_Build_AU=1",
					"JucePlugin_Build_AUv3=0",
					"JucePlugin_Build_RTAS=0",
					"JucePlugin_Build_AAX=0",
					"JucePlugin_Build_Standalone=1",
					"JucePlugin_Build_Unity=0",
					"JucePlugin_Enable_IAA=0",
					"JucePlugin_Name=\\\"GPC\\\"",
					"JucePlugin_Desc=\\\"GPC\\\"",
					"JucePlugin_Manufacturer=\\\"Recluse-Audio\\\"",
					"JucePlugin_ManufacturerWebsite=\\\"\\\"",
					"JucePlugin_ManufacturerEmail=\\\"\\\"",
					"JucePlugin_ManufacturerCode=0x5245434c",
					"JucePlugin_PluginCode=0x4d716135",
					"JucePlugin_IsSynth=1",
					"JucePlugin_WantsMidiInput=1",
					"JucePlugin_ProducesMidiOutput=1",
					"JucePlugin_IsMidiEffect=0",
					"JucePlugin_EditorRequiresKeyboardFocus=0",
					"JucePlugin_Version=1.0.0",
					"JucePlugin_VersionCode=0x10000",
					"JucePlugin_VersionString=\\\"1.0.0\\\"",
					"JucePlugin_VSTUniqueID=JucePlugin_PluginCode",
					"JucePlugin_VSTCategory=kPlugCategSynth",
					"JucePlugin_Vst3Category=\\\"Instrument|Synth\\\"",
					"JucePlugin_AUMainType=\\'aumu\\'",
					"JucePlugin_AUSubType=JucePlugin_PluginCode",
					"JucePlugin_AUExportPrefix=GPCAU",
					"JucePlugin_AUExportPrefixQuoted=\\\"GPCAU\\\"",
					"JucePlugin_AUManufacturerCode=JucePlugin_ManufacturerCode",
					"JucePlugin_CFBundleIdentifier=com.yourcompany.GPC",
					"JucePlugin_RTASCategory=2048",
					"JucePlugin_RTASManufacturerCode=JucePlugin_ManufacturerCode",
					"JucePlugin_RTASProductId=JucePlugin_PluginCode",
					"JucePlugin_RTASDisableBypass=0",
					"JucePlugin_RTASDisableMultiMono=0",
					"JucePlugin_AAXIdentifier=com.yourcompany.GPC",
					"JucePlugin_AAXManufacturerCode=JucePlugin_ManufacturerCode",
					"JucePlugin_AAXProductId=JucePlugin_PluginCode",
					"JucePlugin_AAXCategory=2048",
					"JucePlugin_AAXDisableBypass=0",
					"JucePlugin_AAXDisableMultiMono=0",
					"JucePlugin_IAAType=0x61757269",
					"JucePlugin_IAASubType=JucePlugin_PluginCode",
					"JucePlugin_IAAName=\\\"Recluse-Audio:\\ GPC\\\"",
					"JucePlugin_VSTNumMidiInputs=16",
					"JucePlugin_VSTNumMidiOutputs=16",
					"JUCE_STANDALONE_APPLICATION=JucePlugin_Build_Standalone",
					"JUCER_XCODE_MAC_F6D2F4CF=1",
					"JUCE_APP_VERSION=1.0.0",
					"JUCE_APP_VERSION_HEX=0x10000",
					"JUCE_SHARED_CODE=1",
				);
				GCC_VERSION = com.apple.compilers.llvm.clang.1_0;
				HEADER_SEARCH_PATHS = (
					"/Users/ryandevens/JUCE_PROJECTS/JUCE/modules/juce_audio_processors/format_types/VST3_SDK",
					"$(SRCROOT)/../../JuceLibraryCode",
					"/Users/ryandevens/JUCE_PROJECTS/JUCE/modules",
					"/Users/ryandevens/JUCE_PROJECTS/JUCE/modules/juce_audio_plugin_client",
					"$(inherited)",
				);
				INSTALL_PATH = "@executable_path/../Frameworks";
				LLVM_LTO = YES;
				MACOSX_DEPLOYMENT_TARGET = 10.11;
				MTL_HEADER_SEARCH_PATHS = "/Users/ryandevens/JUCE_PROJECTS/JUCE/modules/juce_audio_processors/format_types/VST3_SDK $(SRCROOT)/../../JuceLibraryCode /Users/ryandevens/JUCE_PROJECTS/JUCE/modules /Users/ryandevens/JUCE_PROJECTS/JUCE/modules/juce_audio_plugin_client";
				PRODUCT_BUNDLE_IDENTIFIER = com.yourcompany.GPC;
				PRODUCT_NAME = "GPC";
				SKIP_INSTALL = YES;
				USE_HEADERMAP = NO;
				VALID_ARCHS = "i386 x86_64 arm64 arm64e";
			};
			name = Release;
		};
		61946A8AC43971F34236EA8C /* Debug */ = {
			isa = XCBuildConfiguration;
			buildSettings = {
				ALWAYS_SEARCH_USER_PATHS = NO;
				CLANG_ENABLE_OBJC_WEAK = YES;
				CLANG_WARN_BLOCK_CAPTURE_AUTORELEASING = YES;
				CLANG_WARN_BOOL_CONVERSION = YES;
				CLANG_WARN_COMMA = YES;
				CLANG_WARN_CONSTANT_CONVERSION = YES;
				CLANG_WARN_DEPRECATED_OBJC_IMPLEMENTATIONS = YES;
				CLANG_WARN_EMPTY_BODY = YES;
				CLANG_WARN_ENUM_CONVERSION = YES;
				CLANG_WARN_INFINITE_RECURSION = YES;
				CLANG_WARN_INT_CONVERSION = YES;
				CLANG_WARN_NON_LITERAL_NULL_CONVERSION = YES;
				CLANG_WARN_OBJC_IMPLICIT_RETAIN_SELF = YES;
				CLANG_WARN_OBJC_LITERAL_CONVERSION = YES;
				CLANG_WARN_RANGE_LOOP_ANALYSIS = YES;
				CLANG_WARN_STRICT_PROTOTYPES = YES;
				CLANG_WARN_SUSPICIOUS_MOVE = YES;
				CLANG_WARN_UNREACHABLE_CODE = YES;
				CLANG_WARN__DUPLICATE_METHOD_MATCH = YES;
				CODE_SIGN_IDENTITY = "";
				DEBUG_INFORMATION_FORMAT = dwarf;
				ENABLE_STRICT_OBJC_MSGSEND = YES;
				ENABLE_TESTABILITY = NO;
				GCC_C_LANGUAGE_STANDARD = c11;
				GCC_INLINES_ARE_PRIVATE_EXTERN = YES;
				GCC_MODEL_TUNING = G5;
				GCC_NO_COMMON_BLOCKS = YES;
				GCC_SYMBOLS_PRIVATE_EXTERN = YES;
				GCC_WARN_64_TO_32_BIT_CONVERSION = YES;
				GCC_WARN_ABOUT_RETURN_TYPE = YES;
				GCC_WARN_CHECK_SWITCH_STATEMENTS = YES;
				GCC_WARN_MISSING_PARENTHESES = YES;
				GCC_WARN_NON_VIRTUAL_DESTRUCTOR = YES;
				GCC_WARN_TYPECHECK_CALLS_TO_PRINTF = YES;
				GCC_WARN_UNDECLARED_SELECTOR = YES;
				GCC_WARN_UNINITIALIZED_AUTOS = YES;
				GCC_WARN_UNUSED_FUNCTION = YES;
				GCC_WARN_UNUSED_VARIABLE = YES;
				ONLY_ACTIVE_ARCH = YES;
				PRODUCT_NAME = "GPC";
				SDKROOT = macosx;
				WARNING_CFLAGS = "-Wreorder";
				ZERO_LINK = NO;
			};
			name = Debug;
		};
		6C142616488619618960D446 /* Release */ = {
			isa = XCBuildConfiguration;
			buildSettings = {
				MACOSX_DEPLOYMENT_TARGET = 10.11;
				SDKROOT = macosx;
			};
			name = Release;
		};
		74B2E21E9DA0166B700989B9 /* Release */ = {
			isa = XCBuildConfiguration;
			buildSettings = {
				ALWAYS_SEARCH_USER_PATHS = NO;
				CLANG_ENABLE_OBJC_WEAK = YES;
				CLANG_WARN_BLOCK_CAPTURE_AUTORELEASING = YES;
				CLANG_WARN_BOOL_CONVERSION = YES;
				CLANG_WARN_COMMA = YES;
				CLANG_WARN_CONSTANT_CONVERSION = YES;
				CLANG_WARN_DEPRECATED_OBJC_IMPLEMENTATIONS = YES;
				CLANG_WARN_EMPTY_BODY = YES;
				CLANG_WARN_ENUM_CONVERSION = YES;
				CLANG_WARN_INFINITE_RECURSION = YES;
				CLANG_WARN_INT_CONVERSION = YES;
				CLANG_WARN_NON_LITERAL_NULL_CONVERSION = YES;
				CLANG_WARN_OBJC_IMPLICIT_RETAIN_SELF = YES;
				CLANG_WARN_OBJC_LITERAL_CONVERSION = YES;
				CLANG_WARN_RANGE_LOOP_ANALYSIS = YES;
				CLANG_WARN_STRICT_PROTOTYPES = YES;
				CLANG_WARN_SUSPICIOUS_MOVE = YES;
				CLANG_WARN_UNREACHABLE_CODE = YES;
				CLANG_WARN__DUPLICATE_METHOD_MATCH = YES;
				CODE_SIGN_IDENTITY = "";
				DEBUG_INFORMATION_FORMAT = dwarf;
				ENABLE_STRICT_OBJC_MSGSEND = YES;
				ENABLE_TESTABILITY = NO;
				GCC_C_LANGUAGE_STANDARD = c11;
				GCC_INLINES_ARE_PRIVATE_EXTERN = YES;
				GCC_MODEL_TUNING = G5;
				GCC_NO_COMMON_BLOCKS = YES;
				GCC_SYMBOLS_PRIVATE_EXTERN = YES;
				GCC_WARN_64_TO_32_BIT_CONVERSION = YES;
				GCC_WARN_ABOUT_RETURN_TYPE = YES;
				GCC_WARN_CHECK_SWITCH_STATEMENTS = YES;
				GCC_WARN_MISSING_PARENTHESES = YES;
				GCC_WARN_NON_VIRTUAL_DESTRUCTOR = YES;
				GCC_WARN_TYPECHECK_CALLS_TO_PRINTF = YES;
				GCC_WARN_UNDECLARED_SELECTOR = YES;
				GCC_WARN_UNINITIALIZED_AUTOS = YES;
				GCC_WARN_UNUSED_FUNCTION = YES;
				GCC_WARN_UNUSED_VARIABLE = YES;
				PRODUCT_NAME = "GPC";
				SDKROOT = macosx;
				WARNING_CFLAGS = "-Wreorder";
				ZERO_LINK = NO;
			};
			name = Release;
		};
		AA6C3E6E9EEB78231AF33442 /* Debug */ = {
			isa = XCBuildConfiguration;
			buildSettings = {
				CLANG_CXX_LANGUAGE_STANDARD = "c++14";
				CLANG_CXX_LIBRARY = "libc++";
				CLANG_LINK_OBJC_RUNTIME = NO;
				CODE_SIGN_IDENTITY = "";
				COMBINE_HIDPI_IMAGES = YES;
				CONFIGURATION_BUILD_DIR = "$(PROJECT_DIR)/build/$(CONFIGURATION)";
				COPY_PHASE_STRIP = NO;
				DEPLOYMENT_LOCATION = YES;
				DSTROOT = /;
				EXCLUDED_ARCHS = "";
				GCC_DYNAMIC_NO_PIC = NO;
				GCC_OPTIMIZATION_LEVEL = 0;
				GCC_PREPROCESSOR_DEFINITIONS = (
					"_DEBUG=1",
					"DEBUG=1",
					"JUCE_DISPLAY_SPLASH_SCREEN=0",
					"JUCE_USE_DARK_SPLASH_SCREEN=1",
					"JUCE_PROJUCER_VERSION=0x60106",
					"JUCE_MODULE_AVAILABLE_juce_audio_basics=1",
					"JUCE_MODULE_AVAILABLE_juce_audio_devices=1",
					"JUCE_MODULE_AVAILABLE_juce_audio_formats=1",
					"JUCE_MODULE_AVAILABLE_juce_audio_plugin_client=1",
					"JUCE_MODULE_AVAILABLE_juce_audio_processors=1",
					"JUCE_MODULE_AVAILABLE_juce_audio_utils=1",
					"JUCE_MODULE_AVAILABLE_juce_core=1",
					"JUCE_MODULE_AVAILABLE_juce_data_structures=1",
					"JUCE_MODULE_AVAILABLE_juce_dsp=1",
					"JUCE_MODULE_AVAILABLE_juce_events=1",
					"JUCE_MODULE_AVAILABLE_juce_graphics=1",
					"JUCE_MODULE_AVAILABLE_juce_gui_basics=1",
					"JUCE_MODULE_AVAILABLE_juce_gui_extra=1",
					"JUCE_GLOBAL_MODULE_SETTINGS_INCLUDED=1",
					"JUCE_VST3_CAN_REPLACE_VST2=0",
					"JUCE_STRICT_REFCOUNTEDPOINTER=1",
					"JucePlugin_Build_VST=0",
					"JucePlugin_Build_VST3=1",
					"JucePlugin_Build_AU=0",
					"JucePlugin_Build_AUv3=0",
					"JucePlugin_Build_RTAS=0",
					"JucePlugin_Build_AAX=0",
					"JucePlugin_Build_Standalone=0",
					"JucePlugin_Build_Unity=0",
					"JucePlugin_Enable_IAA=0",
					"JucePlugin_Name=\\\"GPC\\\"",
					"JucePlugin_Desc=\\\"GPC\\\"",
					"JucePlugin_Manufacturer=\\\"Recluse-Audio\\\"",
					"JucePlugin_ManufacturerWebsite=\\\"\\\"",
					"JucePlugin_ManufacturerEmail=\\\"\\\"",
					"JucePlugin_ManufacturerCode=0x5245434c",
					"JucePlugin_PluginCode=0x4d716135",
					"JucePlugin_IsSynth=1",
					"JucePlugin_WantsMidiInput=1",
					"JucePlugin_ProducesMidiOutput=1",
					"JucePlugin_IsMidiEffect=0",
					"JucePlugin_EditorRequiresKeyboardFocus=0",
					"JucePlugin_Version=1.0.0",
					"JucePlugin_VersionCode=0x10000",
					"JucePlugin_VersionString=\\\"1.0.0\\\"",
					"JucePlugin_VSTUniqueID=JucePlugin_PluginCode",
					"JucePlugin_VSTCategory=kPlugCategSynth",
					"JucePlugin_Vst3Category=\\\"Instrument|Synth\\\"",
					"JucePlugin_AUMainType=\\'aumu\\'",
					"JucePlugin_AUSubType=JucePlugin_PluginCode",
					"JucePlugin_AUExportPrefix=GPCAU",
					"JucePlugin_AUExportPrefixQuoted=\\\"GPCAU\\\"",
					"JucePlugin_AUManufacturerCode=JucePlugin_ManufacturerCode",
					"JucePlugin_CFBundleIdentifier=com.yourcompany.GPC",
					"JucePlugin_RTASCategory=2048",
					"JucePlugin_RTASManufacturerCode=JucePlugin_ManufacturerCode",
					"JucePlugin_RTASProductId=JucePlugin_PluginCode",
					"JucePlugin_RTASDisableBypass=0",
					"JucePlugin_RTASDisableMultiMono=0",
					"JucePlugin_AAXIdentifier=com.yourcompany.GPC",
					"JucePlugin_AAXManufacturerCode=JucePlugin_ManufacturerCode",
					"JucePlugin_AAXProductId=JucePlugin_PluginCode",
					"JucePlugin_AAXCategory=2048",
					"JucePlugin_AAXDisableBypass=0",
					"JucePlugin_AAXDisableMultiMono=0",
					"JucePlugin_IAAType=0x61757269",
					"JucePlugin_IAASubType=JucePlugin_PluginCode",
					"JucePlugin_IAAName=\\\"Recluse-Audio:\\ GPC\\\"",
					"JucePlugin_VSTNumMidiInputs=16",
					"JucePlugin_VSTNumMidiOutputs=16",
					"JUCE_STANDALONE_APPLICATION=JucePlugin_Build_Standalone",
					"JUCER_XCODE_MAC_F6D2F4CF=1",
					"JUCE_APP_VERSION=1.0.0",
					"JUCE_APP_VERSION_HEX=0x10000",
				);
				GCC_VERSION = com.apple.compilers.llvm.clang.1_0;
				GENERATE_PKGINFO_FILE = YES;
				HEADER_SEARCH_PATHS = (
					"/Users/ryandevens/JUCE_PROJECTS/JUCE/modules/juce_audio_processors/format_types/VST3_SDK",
					"$(SRCROOT)/../../JuceLibraryCode",
					"/Users/ryandevens/JUCE_PROJECTS/JUCE/modules",
					"/Users/ryandevens/JUCE_PROJECTS/JUCE/modules/juce_audio_plugin_client",
					"$(inherited)",
				);
				INFOPLIST_FILE = Info-VST3.plist;
				INFOPLIST_PREPROCESS = NO;
				INSTALL_PATH = "$(HOME)/Library/Audio/Plug-Ins/VST3/";
				LIBRARY_STYLE = Bundle;
				MACOSX_DEPLOYMENT_TARGET = 10.11;
				MTL_HEADER_SEARCH_PATHS = "/Users/ryandevens/JUCE_PROJECTS/JUCE/modules/juce_audio_processors/format_types/VST3_SDK $(SRCROOT)/../../JuceLibraryCode /Users/ryandevens/JUCE_PROJECTS/JUCE/modules /Users/ryandevens/JUCE_PROJECTS/JUCE/modules/juce_audio_plugin_client";
				OTHER_LDFLAGS = "-bundle -lGPC";
				PRODUCT_BUNDLE_IDENTIFIER = com.yourcompany.GPC;
				PRODUCT_NAME = "GPC";
				USE_HEADERMAP = NO;
				VALID_ARCHS = "i386 x86_64 arm64 arm64e";
				WRAPPER_EXTENSION = vst3;
			};
			name = Debug;
		};
		BF6C58F80693D8297C0731F7 /* Debug */ = {
			isa = XCBuildConfiguration;
			buildSettings = {
				MACOSX_DEPLOYMENT_TARGET = 10.11;
				SDKROOT = macosx;
			};
			name = Debug;
		};
		E299890212DF6047378ECF5A /* Debug */ = {
			isa = XCBuildConfiguration;
			buildSettings = {
				CLANG_CXX_LANGUAGE_STANDARD = "c++14";
				CLANG_CXX_LIBRARY = "libc++";
				CLANG_LINK_OBJC_RUNTIME = NO;
				CODE_SIGN_IDENTITY = "";
				COMBINE_HIDPI_IMAGES = YES;
				CONFIGURATION_BUILD_DIR = "$(PROJECT_DIR)/build/$(CONFIGURATION)";
				COPY_PHASE_STRIP = NO;
				DEPLOYMENT_LOCATION = YES;
				DSTROOT = /;
				EXCLUDED_ARCHS = "";
				GCC_DYNAMIC_NO_PIC = NO;
				GCC_OPTIMIZATION_LEVEL = 0;
				GCC_PREPROCESSOR_DEFINITIONS = (
					"_DEBUG=1",
					"DEBUG=1",
					"JUCE_DISPLAY_SPLASH_SCREEN=0",
					"JUCE_USE_DARK_SPLASH_SCREEN=1",
					"JUCE_PROJUCER_VERSION=0x60106",
					"JUCE_MODULE_AVAILABLE_juce_audio_basics=1",
					"JUCE_MODULE_AVAILABLE_juce_audio_devices=1",
					"JUCE_MODULE_AVAILABLE_juce_audio_formats=1",
					"JUCE_MODULE_AVAILABLE_juce_audio_plugin_client=1",
					"JUCE_MODULE_AVAILABLE_juce_audio_processors=1",
					"JUCE_MODULE_AVAILABLE_juce_audio_utils=1",
					"JUCE_MODULE_AVAILABLE_juce_core=1",
					"JUCE_MODULE_AVAILABLE_juce_data_structures=1",
					"JUCE_MODULE_AVAILABLE_juce_dsp=1",
					"JUCE_MODULE_AVAILABLE_juce_events=1",
					"JUCE_MODULE_AVAILABLE_juce_graphics=1",
					"JUCE_MODULE_AVAILABLE_juce_gui_basics=1",
					"JUCE_MODULE_AVAILABLE_juce_gui_extra=1",
					"JUCE_GLOBAL_MODULE_SETTINGS_INCLUDED=1",
					"JUCE_VST3_CAN_REPLACE_VST2=0",
					"JUCE_STRICT_REFCOUNTEDPOINTER=1",
					"JucePlugin_Build_VST=0",
					"JucePlugin_Build_VST3=0",
					"JucePlugin_Build_AU=1",
					"JucePlugin_Build_AUv3=0",
					"JucePlugin_Build_RTAS=0",
					"JucePlugin_Build_AAX=0",
					"JucePlugin_Build_Standalone=0",
					"JucePlugin_Build_Unity=0",
					"JucePlugin_Enable_IAA=0",
					"JucePlugin_Name=\\\"GPC\\\"",
					"JucePlugin_Desc=\\\"GPC\\\"",
					"JucePlugin_Manufacturer=\\\"Recluse-Audio\\\"",
					"JucePlugin_ManufacturerWebsite=\\\"\\\"",
					"JucePlugin_ManufacturerEmail=\\\"\\\"",
					"JucePlugin_ManufacturerCode=0x5245434c",
					"JucePlugin_PluginCode=0x4d716135",
					"JucePlugin_IsSynth=1",
					"JucePlugin_WantsMidiInput=1",
					"JucePlugin_ProducesMidiOutput=1",
					"JucePlugin_IsMidiEffect=0",
					"JucePlugin_EditorRequiresKeyboardFocus=0",
					"JucePlugin_Version=1.0.0",
					"JucePlugin_VersionCode=0x10000",
					"JucePlugin_VersionString=\\\"1.0.0\\\"",
					"JucePlugin_VSTUniqueID=JucePlugin_PluginCode",
					"JucePlugin_VSTCategory=kPlugCategSynth",
					"JucePlugin_Vst3Category=\\\"Instrument|Synth\\\"",
					"JucePlugin_AUMainType=\\'aumu\\'",
					"JucePlugin_AUSubType=JucePlugin_PluginCode",
					"JucePlugin_AUExportPrefix=GPCAU",
					"JucePlugin_AUExportPrefixQuoted=\\\"GPCAU\\\"",
					"JucePlugin_AUManufacturerCode=JucePlugin_ManufacturerCode",
					"JucePlugin_CFBundleIdentifier=com.yourcompany.GPC",
					"JucePlugin_RTASCategory=2048",
					"JucePlugin_RTASManufacturerCode=JucePlugin_ManufacturerCode",
					"JucePlugin_RTASProductId=JucePlugin_PluginCode",
					"JucePlugin_RTASDisableBypass=0",
					"JucePlugin_RTASDisableMultiMono=0",
					"JucePlugin_AAXIdentifier=com.yourcompany.GPC",
					"JucePlugin_AAXManufacturerCode=JucePlugin_ManufacturerCode",
					"JucePlugin_AAXProductId=JucePlugin_PluginCode",
					"JucePlugin_AAXCategory=2048",
					"JucePlugin_AAXDisableBypass=0",
					"JucePlugin_AAXDisableMultiMono=0",
					"JucePlugin_IAAType=0x61757269",
					"JucePlugin_IAASubType=JucePlugin_PluginCode",
					"JucePlugin_IAAName=\\\"Recluse-Audio:\\ GPC\\\"",
					"JucePlugin_VSTNumMidiInputs=16",
					"JucePlugin_VSTNumMidiOutputs=16",
					"JUCE_STANDALONE_APPLICATION=JucePlugin_Build_Standalone",
					"JUCER_XCODE_MAC_F6D2F4CF=1",
					"JUCE_APP_VERSION=1.0.0",
					"JUCE_APP_VERSION_HEX=0x10000",
				);
				GCC_VERSION = com.apple.compilers.llvm.clang.1_0;
				GENERATE_PKGINFO_FILE = YES;
				HEADER_SEARCH_PATHS = (
					"/Users/ryandevens/JUCE_PROJECTS/JUCE/modules/juce_audio_processors/format_types/VST3_SDK",
					"$(SRCROOT)/../../JuceLibraryCode",
					"/Users/ryandevens/JUCE_PROJECTS/JUCE/modules",
					"/Users/ryandevens/JUCE_PROJECTS/JUCE/modules/juce_audio_plugin_client",
					"$(inherited)",
				);
				INFOPLIST_FILE = Info-AU.plist;
				INFOPLIST_PREPROCESS = NO;
				INSTALL_PATH = "$(HOME)/Library/Audio/Plug-Ins/Components/";
				LIBRARY_STYLE = Bundle;
				MACOSX_DEPLOYMENT_TARGET = 10.11;
				MTL_HEADER_SEARCH_PATHS = "/Users/ryandevens/JUCE_PROJECTS/JUCE/modules/juce_audio_processors/format_types/VST3_SDK $(SRCROOT)/../../JuceLibraryCode /Users/ryandevens/JUCE_PROJECTS/JUCE/modules /Users/ryandevens/JUCE_PROJECTS/JUCE/modules/juce_audio_plugin_client";
				OTHER_LDFLAGS = "-bundle -lGPC";
				OTHER_REZFLAGS = "-d ppc_$ppc -d i386_$i386 -d ppc64_$ppc64 -d x86_64_$x86_64 -d arm64_$arm64 -I /System/Library/Frameworks/CoreServices.framework/Frameworks/CarbonCore.framework/Versions/A/Headers -I \"$(DEVELOPER_DIR)/Extras/CoreAudio/AudioUnits/AUPublic/AUBase\" -I \"$(DEVELOPER_DIR)/Platforms/MacOSX.platform/Developer/SDKs/MacOSX.sdk/System/Library/Frameworks/AudioUnit.framework/Headers\"";
				PRODUCT_BUNDLE_IDENTIFIER = com.yourcompany.GPC;
				PRODUCT_NAME = "GPC";
				USE_HEADERMAP = NO;
				VALID_ARCHS = "i386 x86_64 arm64 arm64e";
				WRAPPER_EXTENSION = component;
			};
			name = Debug;
		};
/* End XCBuildConfiguration section */

/* Begin XCConfigurationList section */
		0D854C78D03F4EC84A4C9EA9 = {
			isa = XCConfigurationList;
			buildConfigurations = (
				E299890212DF6047378ECF5A,
				02EAA05AE2C0ECAA0E295132,
			);
			defaultConfigurationIsVisible = 0;
			defaultConfigurationName = Debug;
		};
		0E63C4C35331F190F390156E = {
			isa = XCConfigurationList;
			buildConfigurations = (
				3E81EE1521D1365FD8BD4031,
				3B3E70F0347B673E0D84D573,
			);
			defaultConfigurationIsVisible = 0;
			defaultConfigurationName = Debug;
		};
		357C9DDC84EC50EEE817DA8A = {
			isa = XCConfigurationList;
			buildConfigurations = (
				61946A8AC43971F34236EA8C,
				74B2E21E9DA0166B700989B9,
			);
			defaultConfigurationIsVisible = 0;
			defaultConfigurationName = Debug;
		};
		C74445E36E52037A4737C45B = {
			isa = XCConfigurationList;
			buildConfigurations = (
				22E18D05584DED08FE007182,
				43765102FD9C739F7983E0AC,
			);
			defaultConfigurationIsVisible = 0;
			defaultConfigurationName = Debug;
		};
		D0705B5CA1AF4D229BAC15DD = {
			isa = XCConfigurationList;
			buildConfigurations = (
				BF6C58F80693D8297C0731F7,
				6C142616488619618960D446,
			);
			defaultConfigurationIsVisible = 0;
			defaultConfigurationName = Debug;
		};
		DAACAB87D8B1CF6CD1039129 = {
			isa = XCConfigurationList;
			buildConfigurations = (
				AA6C3E6E9EEB78231AF33442,
				413430A80B690276BB1B0FE2,
			);
			defaultConfigurationIsVisible = 0;
			defaultConfigurationName = Debug;
		};
/* End XCConfigurationList section */
	};
	rootObject = A4444906B49D2D6EF906A86F /* Project object */;
}
